// !$*UTF8*$!
{
	archiveVersion = 1;
	classes = {
	};
	objectVersion = 56;
	objects = {

/* Begin PBXBuildFile section */
		1375486C540DABC416F0B583 /* Pods_SportsHubTests.framework in Frameworks */ = {isa = PBXBuildFile; fileRef = C620581756B5F69D1971A152 /* Pods_SportsHubTests.framework */; };
		8BBEE2AA14E0EB59AE55F536 /* Pods_SportsHub.framework in Frameworks */ = {isa = PBXBuildFile; fileRef = 750B314DBFE2E56342590DB5 /* Pods_SportsHub.framework */; };
		BC1268512A1FD6D9003134AE /* TeamDetailsViewModel.swift in Sources */ = {isa = PBXBuildFile; fileRef = BC1268502A1FD6D9003134AE /* TeamDetailsViewModel.swift */; };
		BC2C75FE2A1D0B5800996BEB /* UpComingEventsCell.swift in Sources */ = {isa = PBXBuildFile; fileRef = BC2C75FC2A1D0B5800996BEB /* UpComingEventsCell.swift */; };
		BC2C75FF2A1D0B5800996BEB /* UpComingEventsCell.xib in Resources */ = {isa = PBXBuildFile; fileRef = BC2C75FD2A1D0B5800996BEB /* UpComingEventsCell.xib */; };
		BC31825A2A28D9B0007C74D8 /* APICallerTests.swift in Sources */ = {isa = PBXBuildFile; fileRef = BC3182592A28D9B0007C74D8 /* APICallerTests.swift */; };
		BC4795042A27757700F10F46 /* Indicator.swift in Sources */ = {isa = PBXBuildFile; fileRef = BC4795032A27757700F10F46 /* Indicator.swift */; };
		BC561EF82A28DF54006508C0 /* empty.json in Resources */ = {isa = PBXBuildFile; fileRef = BC561EF62A28DF4D006508C0 /* empty.json */; };
		BC561EF92A28DF54006508C0 /* internet.json in Resources */ = {isa = PBXBuildFile; fileRef = BC561EF72A28DF54006508C0 /* internet.json */; };
		BC6C27592A26C1CC0026F0CA /* sports.json in Resources */ = {isa = PBXBuildFile; fileRef = BC6C27582A26C1CC0026F0CA /* sports.json */; };
		BC6FB2382A1BC1F400068141 /* LeagueDetailsViewModel.swift in Sources */ = {isa = PBXBuildFile; fileRef = BC6FB2372A1BC1F400068141 /* LeagueDetailsViewModel.swift */; };
		BC6FB23A2A1BC8C600068141 /* Leagues.swift in Sources */ = {isa = PBXBuildFile; fileRef = BC6FB2392A1BC8C600068141 /* Leagues.swift */; };
		BC6FB23C2A1BCBF000068141 /* APICaller.swift in Sources */ = {isa = PBXBuildFile; fileRef = BC6FB23B2A1BCBF000068141 /* APICaller.swift */; };
		BC700EC72A19E545002AD341 /* SportCollectionViewCell.swift in Sources */ = {isa = PBXBuildFile; fileRef = BC700EC52A19E545002AD341 /* SportCollectionViewCell.swift */; };
		BC700EC82A19E545002AD341 /* SportCollectionViewCell.xib in Resources */ = {isa = PBXBuildFile; fileRef = BC700EC62A19E545002AD341 /* SportCollectionViewCell.xib */; };
		BC700ECA2A19E75E002AD341 /* SportDTO.swift in Sources */ = {isa = PBXBuildFile; fileRef = BC700EC92A19E75E002AD341 /* SportDTO.swift */; };
		BC700F5A2A1A42CA002AD341 /* LeaguesTableViewController.swift in Sources */ = {isa = PBXBuildFile; fileRef = BC700F592A1A42CA002AD341 /* LeaguesTableViewController.swift */; };
		BC700F5E2A1A43FC002AD341 /* TableViewCell.swift in Sources */ = {isa = PBXBuildFile; fileRef = BC700F5C2A1A43FC002AD341 /* TableViewCell.swift */; };
		BC700F5F2A1A43FC002AD341 /* TableViewCell.xib in Resources */ = {isa = PBXBuildFile; fileRef = BC700F5D2A1A43FC002AD341 /* TableViewCell.xib */; };
		BC7120A42A1D505C0046CDF9 /* LeaguesDetailsViewController.swift in Sources */ = {isa = PBXBuildFile; fileRef = BC7120A32A1D505C0046CDF9 /* LeaguesDetailsViewController.swift */; };
		BC71F4FB2A1B717D001BB047 /* Network.swift in Sources */ = {isa = PBXBuildFile; fileRef = BC71F4FA2A1B717D001BB047 /* Network.swift */; };
		BC73FC062A24E1E000045FFC /* TeamsCoreData.swift in Sources */ = {isa = PBXBuildFile; fileRef = BC73FC052A24E1E000045FFC /* TeamsCoreData.swift */; };
		BC73FC092A24E6F500045FFC /* FavoritesViewModel.swift in Sources */ = {isa = PBXBuildFile; fileRef = BC73FC082A24E6F500045FFC /* FavoritesViewModel.swift */; };
		BC73FC0E2A24F7BD00045FFC /* Favorites.swift in Sources */ = {isa = PBXBuildFile; fileRef = BC73FC0D2A24F7BD00045FFC /* Favorites.swift */; };
		BC73FC102A24FEDF00045FFC /* Observable.swift in Sources */ = {isa = PBXBuildFile; fileRef = BC73FC0F2A24FEDF00045FFC /* Observable.swift */; };
		BC82F1BF2A1E362B0068FCAA /* LatestResultTableCell.swift in Sources */ = {isa = PBXBuildFile; fileRef = BC82F1BD2A1E362B0068FCAA /* LatestResultTableCell.swift */; };
		BC82F1C02A1E362B0068FCAA /* LatestResultTableCell.xib in Resources */ = {isa = PBXBuildFile; fileRef = BC82F1BE2A1E362B0068FCAA /* LatestResultTableCell.xib */; };
		BC82F1C22A1E3EAE0068FCAA /* TeamsCell.swift in Sources */ = {isa = PBXBuildFile; fileRef = BC82F1C12A1E3EAE0068FCAA /* TeamsCell.swift */; };
		BC82F1C42A1E4FEA0068FCAA /* Events.swift in Sources */ = {isa = PBXBuildFile; fileRef = BC82F1C32A1E4FEA0068FCAA /* Events.swift */; };
		BCA9E1B92A2A156E00270A69 /* Leagues.json in Resources */ = {isa = PBXBuildFile; fileRef = BCA9E1B82A2A156E00270A69 /* Leagues.json */; };
		BCA9E1BB2A2A181E00270A69 /* MockAPICaller.swift in Sources */ = {isa = PBXBuildFile; fileRef = BCA9E1BA2A2A181E00270A69 /* MockAPICaller.swift */; };
		BCA9E1BD2A2A220500270A69 /* MockAPICallerTests.swift in Sources */ = {isa = PBXBuildFile; fileRef = BCA9E1BC2A2A220500270A69 /* MockAPICallerTests.swift */; };
		BCADF7AD2A200A9E004F9DE3 /* Alerts.swift in Sources */ = {isa = PBXBuildFile; fileRef = BCADF7AC2A200A9E004F9DE3 /* Alerts.swift */; };
		BCCE4B162A19D808007AD9B0 /* FavoritesViewController.swift in Sources */ = {isa = PBXBuildFile; fileRef = BCCE4B152A19D808007AD9B0 /* FavoritesViewController.swift */; };
		BCD07BCF2A263F9D00DC67CF /* SplashScreenViewController.swift in Sources */ = {isa = PBXBuildFile; fileRef = BCD07BCE2A263F9D00DC67CF /* SplashScreenViewController.swift */; };
		BCD45DFE2A2A4937000A6AB4 /* Mockable.swift in Sources */ = {isa = PBXBuildFile; fileRef = BCD45DFD2A2A4937000A6AB4 /* Mockable.swift */; };
		BCD45E012A2A4D2E000A6AB4 /* UpComingEvents.json in Resources */ = {isa = PBXBuildFile; fileRef = BCD45E002A2A4D2E000A6AB4 /* UpComingEvents.json */; };
		BCE041552A1F83ED001AEA4C /* Teams.swift in Sources */ = {isa = PBXBuildFile; fileRef = BCE041542A1F83ED001AEA4C /* Teams.swift */; };
		BCEA55812A19465300827FBD /* AppDelegate.swift in Sources */ = {isa = PBXBuildFile; fileRef = BCEA55802A19465300827FBD /* AppDelegate.swift */; };
		BCEA55832A19465300827FBD /* SceneDelegate.swift in Sources */ = {isa = PBXBuildFile; fileRef = BCEA55822A19465300827FBD /* SceneDelegate.swift */; };
		BCEA55852A19465300827FBD /* HomeViewController.swift in Sources */ = {isa = PBXBuildFile; fileRef = BCEA55842A19465300827FBD /* HomeViewController.swift */; };
		BCEA55882A19465300827FBD /* Main.storyboard in Resources */ = {isa = PBXBuildFile; fileRef = BCEA55862A19465300827FBD /* Main.storyboard */; };
		BCEA558B2A19465300827FBD /* SportsHub.xcdatamodeld in Sources */ = {isa = PBXBuildFile; fileRef = BCEA55892A19465300827FBD /* SportsHub.xcdatamodeld */; };
		BCEA558D2A19465500827FBD /* Assets.xcassets in Resources */ = {isa = PBXBuildFile; fileRef = BCEA558C2A19465500827FBD /* Assets.xcassets */; };
		BCEA55902A19465500827FBD /* LaunchScreen.storyboard in Resources */ = {isa = PBXBuildFile; fileRef = BCEA558E2A19465500827FBD /* LaunchScreen.storyboard */; };
		BCEA559B2A19465600827FBD /* SportsHubTests.swift in Sources */ = {isa = PBXBuildFile; fileRef = BCEA559A2A19465600827FBD /* SportsHubTests.swift */; };
		BCF1E2D12A1F9D730017AF79 /* Style.swift in Sources */ = {isa = PBXBuildFile; fileRef = BCF1E2D02A1F9D730017AF79 /* Style.swift */; };
		BCF1E2D32A1FB3430017AF79 /* TeamDetailsViewController.swift in Sources */ = {isa = PBXBuildFile; fileRef = BCF1E2D22A1FB3430017AF79 /* TeamDetailsViewController.swift */; };
		BCF1E2D82A1FB3C50017AF79 /* PlayerCell.swift in Sources */ = {isa = PBXBuildFile; fileRef = BCF1E2D62A1FB3C50017AF79 /* PlayerCell.swift */; };
		BCF1E2D92A1FB3C50017AF79 /* PlayerCell.xib in Resources */ = {isa = PBXBuildFile; fileRef = BCF1E2D72A1FB3C50017AF79 /* PlayerCell.xib */; };
		BCF3E2A62A23B11800DF3075 /* LeagueViewModel.swift in Sources */ = {isa = PBXBuildFile; fileRef = BCF3E2A52A23B11800DF3075 /* LeagueViewModel.swift */; };
/* End PBXBuildFile section */

/* Begin PBXContainerItemProxy section */
		BCEA55972A19465600827FBD /* PBXContainerItemProxy */ = {
			isa = PBXContainerItemProxy;
			containerPortal = BCEA55752A19465300827FBD /* Project object */;
			proxyType = 1;
			remoteGlobalIDString = BCEA557C2A19465300827FBD;
			remoteInfo = SportsHub;
		};
/* End PBXContainerItemProxy section */

/* Begin PBXFileReference section */
		2F4BE4F88542FA721BA1D1D3 /* Pods-SportsHub.debug.xcconfig */ = {isa = PBXFileReference; includeInIndex = 1; lastKnownFileType = text.xcconfig; name = "Pods-SportsHub.debug.xcconfig"; path = "Target Support Files/Pods-SportsHub/Pods-SportsHub.debug.xcconfig"; sourceTree = "<group>"; };
		4A2C53A1716FC53DF5BD1B52 /* Pods-SportsHubTests.release.xcconfig */ = {isa = PBXFileReference; includeInIndex = 1; lastKnownFileType = text.xcconfig; name = "Pods-SportsHubTests.release.xcconfig"; path = "Target Support Files/Pods-SportsHubTests/Pods-SportsHubTests.release.xcconfig"; sourceTree = "<group>"; };
		6FF5D3C175D3D771F31E1EA5 /* Pods-SportsHub-SportsHubUITests.debug.xcconfig */ = {isa = PBXFileReference; includeInIndex = 1; lastKnownFileType = text.xcconfig; name = "Pods-SportsHub-SportsHubUITests.debug.xcconfig"; path = "Target Support Files/Pods-SportsHub-SportsHubUITests/Pods-SportsHub-SportsHubUITests.debug.xcconfig"; sourceTree = "<group>"; };
		71639D988FC839DA6579C4C8 /* Pods_SportsHub_SportsHubUITests.framework */ = {isa = PBXFileReference; explicitFileType = wrapper.framework; includeInIndex = 0; path = Pods_SportsHub_SportsHubUITests.framework; sourceTree = BUILT_PRODUCTS_DIR; };
		750B314DBFE2E56342590DB5 /* Pods_SportsHub.framework */ = {isa = PBXFileReference; explicitFileType = wrapper.framework; includeInIndex = 0; path = Pods_SportsHub.framework; sourceTree = BUILT_PRODUCTS_DIR; };
		A9CBFB24831ED55C371616B3 /* Pods-SportsHub.release.xcconfig */ = {isa = PBXFileReference; includeInIndex = 1; lastKnownFileType = text.xcconfig; name = "Pods-SportsHub.release.xcconfig"; path = "Target Support Files/Pods-SportsHub/Pods-SportsHub.release.xcconfig"; sourceTree = "<group>"; };
		BC1268502A1FD6D9003134AE /* TeamDetailsViewModel.swift */ = {isa = PBXFileReference; lastKnownFileType = sourcecode.swift; path = TeamDetailsViewModel.swift; sourceTree = "<group>"; };
		BC2C75FC2A1D0B5800996BEB /* UpComingEventsCell.swift */ = {isa = PBXFileReference; lastKnownFileType = sourcecode.swift; path = UpComingEventsCell.swift; sourceTree = "<group>"; };
		BC2C75FD2A1D0B5800996BEB /* UpComingEventsCell.xib */ = {isa = PBXFileReference; lastKnownFileType = file.xib; path = UpComingEventsCell.xib; sourceTree = "<group>"; };
		BC3182592A28D9B0007C74D8 /* APICallerTests.swift */ = {isa = PBXFileReference; lastKnownFileType = sourcecode.swift; path = APICallerTests.swift; sourceTree = "<group>"; };
		BC4795032A27757700F10F46 /* Indicator.swift */ = {isa = PBXFileReference; lastKnownFileType = sourcecode.swift; path = Indicator.swift; sourceTree = "<group>"; };
		BC561EF62A28DF4D006508C0 /* empty.json */ = {isa = PBXFileReference; fileEncoding = 4; lastKnownFileType = text.json; path = empty.json; sourceTree = "<group>"; };
		BC561EF72A28DF54006508C0 /* internet.json */ = {isa = PBXFileReference; fileEncoding = 4; lastKnownFileType = text.json; path = internet.json; sourceTree = "<group>"; };
		BC6C27582A26C1CC0026F0CA /* sports.json */ = {isa = PBXFileReference; fileEncoding = 4; lastKnownFileType = text.json; path = sports.json; sourceTree = "<group>"; };
		BC6FB2372A1BC1F400068141 /* LeagueDetailsViewModel.swift */ = {isa = PBXFileReference; lastKnownFileType = sourcecode.swift; path = LeagueDetailsViewModel.swift; sourceTree = "<group>"; };
		BC6FB2392A1BC8C600068141 /* Leagues.swift */ = {isa = PBXFileReference; lastKnownFileType = sourcecode.swift; path = Leagues.swift; sourceTree = "<group>"; };
		BC6FB23B2A1BCBF000068141 /* APICaller.swift */ = {isa = PBXFileReference; lastKnownFileType = sourcecode.swift; path = APICaller.swift; sourceTree = "<group>"; };
		BC700EC52A19E545002AD341 /* SportCollectionViewCell.swift */ = {isa = PBXFileReference; lastKnownFileType = sourcecode.swift; path = SportCollectionViewCell.swift; sourceTree = "<group>"; };
		BC700EC62A19E545002AD341 /* SportCollectionViewCell.xib */ = {isa = PBXFileReference; lastKnownFileType = file.xib; path = SportCollectionViewCell.xib; sourceTree = "<group>"; };
		BC700EC92A19E75E002AD341 /* SportDTO.swift */ = {isa = PBXFileReference; lastKnownFileType = sourcecode.swift; path = SportDTO.swift; sourceTree = "<group>"; };
		BC700F592A1A42CA002AD341 /* LeaguesTableViewController.swift */ = {isa = PBXFileReference; lastKnownFileType = sourcecode.swift; path = LeaguesTableViewController.swift; sourceTree = "<group>"; };
		BC700F5C2A1A43FC002AD341 /* TableViewCell.swift */ = {isa = PBXFileReference; lastKnownFileType = sourcecode.swift; path = TableViewCell.swift; sourceTree = "<group>"; };
		BC700F5D2A1A43FC002AD341 /* TableViewCell.xib */ = {isa = PBXFileReference; lastKnownFileType = file.xib; path = TableViewCell.xib; sourceTree = "<group>"; };
		BC7120A32A1D505C0046CDF9 /* LeaguesDetailsViewController.swift */ = {isa = PBXFileReference; lastKnownFileType = sourcecode.swift; path = LeaguesDetailsViewController.swift; sourceTree = "<group>"; };
		BC71F4FA2A1B717D001BB047 /* Network.swift */ = {isa = PBXFileReference; lastKnownFileType = sourcecode.swift; path = Network.swift; sourceTree = "<group>"; };
		BC73FC052A24E1E000045FFC /* TeamsCoreData.swift */ = {isa = PBXFileReference; lastKnownFileType = sourcecode.swift; path = TeamsCoreData.swift; sourceTree = "<group>"; };
		BC73FC082A24E6F500045FFC /* FavoritesViewModel.swift */ = {isa = PBXFileReference; lastKnownFileType = sourcecode.swift; path = FavoritesViewModel.swift; sourceTree = "<group>"; };
		BC73FC0D2A24F7BD00045FFC /* Favorites.swift */ = {isa = PBXFileReference; lastKnownFileType = sourcecode.swift; path = Favorites.swift; sourceTree = "<group>"; };
		BC73FC0F2A24FEDF00045FFC /* Observable.swift */ = {isa = PBXFileReference; lastKnownFileType = sourcecode.swift; path = Observable.swift; sourceTree = "<group>"; };
		BC82F1BD2A1E362B0068FCAA /* LatestResultTableCell.swift */ = {isa = PBXFileReference; lastKnownFileType = sourcecode.swift; path = LatestResultTableCell.swift; sourceTree = "<group>"; };
		BC82F1BE2A1E362B0068FCAA /* LatestResultTableCell.xib */ = {isa = PBXFileReference; lastKnownFileType = file.xib; path = LatestResultTableCell.xib; sourceTree = "<group>"; };
		BC82F1C12A1E3EAE0068FCAA /* TeamsCell.swift */ = {isa = PBXFileReference; lastKnownFileType = sourcecode.swift; path = TeamsCell.swift; sourceTree = "<group>"; };
		BC82F1C32A1E4FEA0068FCAA /* Events.swift */ = {isa = PBXFileReference; lastKnownFileType = sourcecode.swift; path = Events.swift; sourceTree = "<group>"; };
		BCA9E1B82A2A156E00270A69 /* Leagues.json */ = {isa = PBXFileReference; fileEncoding = 4; lastKnownFileType = text.json; name = Leagues.json; path = "SportsHubTests/New Group1/Leagues.json"; sourceTree = SOURCE_ROOT; };
		BCA9E1BA2A2A181E00270A69 /* MockAPICaller.swift */ = {isa = PBXFileReference; lastKnownFileType = sourcecode.swift; path = MockAPICaller.swift; sourceTree = "<group>"; };
		BCA9E1BC2A2A220500270A69 /* MockAPICallerTests.swift */ = {isa = PBXFileReference; lastKnownFileType = sourcecode.swift; path = MockAPICallerTests.swift; sourceTree = "<group>"; };
		BCADF7AC2A200A9E004F9DE3 /* Alerts.swift */ = {isa = PBXFileReference; lastKnownFileType = sourcecode.swift; path = Alerts.swift; sourceTree = "<group>"; };
		BCCE4B152A19D808007AD9B0 /* FavoritesViewController.swift */ = {isa = PBXFileReference; lastKnownFileType = sourcecode.swift; path = FavoritesViewController.swift; sourceTree = "<group>"; };
		BCD07BCE2A263F9D00DC67CF /* SplashScreenViewController.swift */ = {isa = PBXFileReference; lastKnownFileType = sourcecode.swift; path = SplashScreenViewController.swift; sourceTree = "<group>"; };
		BCD45DFD2A2A4937000A6AB4 /* Mockable.swift */ = {isa = PBXFileReference; fileEncoding = 4; lastKnownFileType = sourcecode.swift; path = Mockable.swift; sourceTree = "<group>"; };
		BCD45E002A2A4D2E000A6AB4 /* UpComingEvents.json */ = {isa = PBXFileReference; lastKnownFileType = text.json; path = UpComingEvents.json; sourceTree = "<group>"; };
		BCD45E022A2A526A000A6AB4 /* LatestEvents.json */ = {isa = PBXFileReference; lastKnownFileType = text.json; path = LatestEvents.json; sourceTree = "<group>"; };
		BCD45E032A2A5C3C000A6AB4 /* Teams.json */ = {isa = PBXFileReference; lastKnownFileType = text.json; path = Teams.json; sourceTree = "<group>"; };
		BCD45E042A2A5D10000A6AB4 /* TeamDetails.json */ = {isa = PBXFileReference; lastKnownFileType = text.json; path = TeamDetails.json; sourceTree = "<group>"; };
		BCE041542A1F83ED001AEA4C /* Teams.swift */ = {isa = PBXFileReference; lastKnownFileType = sourcecode.swift; path = Teams.swift; sourceTree = "<group>"; };
		BCEA557D2A19465300827FBD /* SportsHub.app */ = {isa = PBXFileReference; explicitFileType = wrapper.application; includeInIndex = 0; path = SportsHub.app; sourceTree = BUILT_PRODUCTS_DIR; };
		BCEA55802A19465300827FBD /* AppDelegate.swift */ = {isa = PBXFileReference; lastKnownFileType = sourcecode.swift; path = AppDelegate.swift; sourceTree = "<group>"; };
		BCEA55822A19465300827FBD /* SceneDelegate.swift */ = {isa = PBXFileReference; lastKnownFileType = sourcecode.swift; path = SceneDelegate.swift; sourceTree = "<group>"; };
		BCEA55842A19465300827FBD /* HomeViewController.swift */ = {isa = PBXFileReference; lastKnownFileType = sourcecode.swift; path = HomeViewController.swift; sourceTree = "<group>"; };
		BCEA55872A19465300827FBD /* Base */ = {isa = PBXFileReference; lastKnownFileType = file.storyboard; name = Base; path = Base.lproj/Main.storyboard; sourceTree = "<group>"; };
		BCEA558A2A19465300827FBD /* SportsHub.xcdatamodel */ = {isa = PBXFileReference; lastKnownFileType = wrapper.xcdatamodel; path = SportsHub.xcdatamodel; sourceTree = "<group>"; };
		BCEA558C2A19465500827FBD /* Assets.xcassets */ = {isa = PBXFileReference; lastKnownFileType = folder.assetcatalog; path = Assets.xcassets; sourceTree = "<group>"; };
		BCEA558F2A19465500827FBD /* Base */ = {isa = PBXFileReference; lastKnownFileType = file.storyboard; name = Base; path = Base.lproj/LaunchScreen.storyboard; sourceTree = "<group>"; };
		BCEA55912A19465500827FBD /* Info.plist */ = {isa = PBXFileReference; lastKnownFileType = text.plist.xml; path = Info.plist; sourceTree = "<group>"; };
		BCEA55962A19465600827FBD /* SportsHubTests.xctest */ = {isa = PBXFileReference; explicitFileType = wrapper.cfbundle; includeInIndex = 0; path = SportsHubTests.xctest; sourceTree = BUILT_PRODUCTS_DIR; };
		BCEA559A2A19465600827FBD /* SportsHubTests.swift */ = {isa = PBXFileReference; lastKnownFileType = sourcecode.swift; path = SportsHubTests.swift; sourceTree = "<group>"; };
		BCF1E2D02A1F9D730017AF79 /* Style.swift */ = {isa = PBXFileReference; lastKnownFileType = sourcecode.swift; path = Style.swift; sourceTree = "<group>"; };
		BCF1E2D22A1FB3430017AF79 /* TeamDetailsViewController.swift */ = {isa = PBXFileReference; lastKnownFileType = sourcecode.swift; path = TeamDetailsViewController.swift; sourceTree = "<group>"; };
		BCF1E2D62A1FB3C50017AF79 /* PlayerCell.swift */ = {isa = PBXFileReference; lastKnownFileType = sourcecode.swift; path = PlayerCell.swift; sourceTree = "<group>"; };
		BCF1E2D72A1FB3C50017AF79 /* PlayerCell.xib */ = {isa = PBXFileReference; lastKnownFileType = file.xib; path = PlayerCell.xib; sourceTree = "<group>"; };
		BCF3E2A52A23B11800DF3075 /* LeagueViewModel.swift */ = {isa = PBXFileReference; lastKnownFileType = sourcecode.swift; path = LeagueViewModel.swift; sourceTree = "<group>"; };
		C620581756B5F69D1971A152 /* Pods_SportsHubTests.framework */ = {isa = PBXFileReference; explicitFileType = wrapper.framework; includeInIndex = 0; path = Pods_SportsHubTests.framework; sourceTree = BUILT_PRODUCTS_DIR; };
		F051AC8622A87A91C2741DD7 /* Pods-SportsHub-SportsHubUITests.release.xcconfig */ = {isa = PBXFileReference; includeInIndex = 1; lastKnownFileType = text.xcconfig; name = "Pods-SportsHub-SportsHubUITests.release.xcconfig"; path = "Target Support Files/Pods-SportsHub-SportsHubUITests/Pods-SportsHub-SportsHubUITests.release.xcconfig"; sourceTree = "<group>"; };
		FCCBCEDC8C9F6AB2E035C3ED /* Pods-SportsHubTests.debug.xcconfig */ = {isa = PBXFileReference; includeInIndex = 1; lastKnownFileType = text.xcconfig; name = "Pods-SportsHubTests.debug.xcconfig"; path = "Target Support Files/Pods-SportsHubTests/Pods-SportsHubTests.debug.xcconfig"; sourceTree = "<group>"; };
/* End PBXFileReference section */

/* Begin PBXFrameworksBuildPhase section */
		BCEA557A2A19465300827FBD /* Frameworks */ = {
			isa = PBXFrameworksBuildPhase;
			buildActionMask = 2147483647;
			files = (
				8BBEE2AA14E0EB59AE55F536 /* Pods_SportsHub.framework in Frameworks */,
			);
			runOnlyForDeploymentPostprocessing = 0;
		};
		BCEA55932A19465600827FBD /* Frameworks */ = {
			isa = PBXFrameworksBuildPhase;
			buildActionMask = 2147483647;
			files = (
				1375486C540DABC416F0B583 /* Pods_SportsHubTests.framework in Frameworks */,
			);
			runOnlyForDeploymentPostprocessing = 0;
		};
/* End PBXFrameworksBuildPhase section */

/* Begin PBXGroup section */
		13280A56E356FD28BA67538D /* Frameworks */ = {
			isa = PBXGroup;
			children = (
				750B314DBFE2E56342590DB5 /* Pods_SportsHub.framework */,
				71639D988FC839DA6579C4C8 /* Pods_SportsHub_SportsHubUITests.framework */,
				C620581756B5F69D1971A152 /* Pods_SportsHubTests.framework */,
			);
			name = Frameworks;
			sourceTree = "<group>";
		};
		BC700F4E2A1A3BC4002AD341 /* Modules */ = {
			isa = PBXGroup;
			children = (
				BC71F4EF2A1B6C96001BB047 /* TeamDetails */,
				BC71F4EE2A1B6C83001BB047 /* LeaguesDetails */,
				BC700F532A1A3C7F002AD341 /* Favorites */,
				BC700F502A1A3BE3002AD341 /* Legues */,
				BC700F4F2A1A3BCE002AD341 /* Home */,
			);
			path = Modules;
			sourceTree = "<group>";
		};
		BC700F4F2A1A3BCE002AD341 /* Home */ = {
			isa = PBXGroup;
			children = (
				BC700F512A1A3C1C002AD341 /* View */,
			);
			path = Home;
			sourceTree = "<group>";
		};
		BC700F502A1A3BE3002AD341 /* Legues */ = {
			isa = PBXGroup;
			children = (
				BCF3E2A42A23B0EF00DF3075 /* New Group */,
				BC700F582A1A4287002AD341 /* View */,
			);
			path = Legues;
			sourceTree = "<group>";
		};
		BC700F512A1A3C1C002AD341 /* View */ = {
			isa = PBXGroup;
			children = (
				BCEA55842A19465300827FBD /* HomeViewController.swift */,
				BC700EC52A19E545002AD341 /* SportCollectionViewCell.swift */,
				BC700EC62A19E545002AD341 /* SportCollectionViewCell.xib */,
			);
			path = View;
			sourceTree = "<group>";
		};
		BC700F522A1A3C59002AD341 /* Model */ = {
			isa = PBXGroup;
			children = (
				BC700EC92A19E75E002AD341 /* SportDTO.swift */,
				BC6FB2392A1BC8C600068141 /* Leagues.swift */,
				BC82F1C32A1E4FEA0068FCAA /* Events.swift */,
				BCE041542A1F83ED001AEA4C /* Teams.swift */,
				BC73FC0D2A24F7BD00045FFC /* Favorites.swift */,
			);
			path = Model;
			sourceTree = "<group>";
		};
		BC700F532A1A3C7F002AD341 /* Favorites */ = {
			isa = PBXGroup;
			children = (
				BC73FC072A24E6D800045FFC /* ViewModel */,
				BC71F4F12A1B6CFC001BB047 /* View */,
			);
			path = Favorites;
			sourceTree = "<group>";
		};
		BC700F582A1A4287002AD341 /* View */ = {
			isa = PBXGroup;
			children = (
				BCADF7AE2A200D70004F9DE3 /* CustomTableCell */,
				BC700F592A1A42CA002AD341 /* LeaguesTableViewController.swift */,
			);
			path = View;
			sourceTree = "<group>";
		};
		BC700F5B2A1A4309002AD341 /* View */ = {
			isa = PBXGroup;
			children = (
				BCEA558E2A19465500827FBD /* LaunchScreen.storyboard */,
				BCEA55862A19465300827FBD /* Main.storyboard */,
				BCD07BCE2A263F9D00DC67CF /* SplashScreenViewController.swift */,
			);
			path = View;
			sourceTree = "<group>";
		};
		BC700F602A1A5394002AD341 /* Services */ = {
			isa = PBXGroup;
			children = (
				BC73FC042A24E1C700045FFC /* Database */,
				BC700F612A1A53A3002AD341 /* Networking */,
			);
			path = Services;
			sourceTree = "<group>";
		};
		BC700F612A1A53A3002AD341 /* Networking */ = {
			isa = PBXGroup;
			children = (
				BC71F4FA2A1B717D001BB047 /* Network.swift */,
				BC6FB23B2A1BCBF000068141 /* APICaller.swift */,
			);
			path = Networking;
			sourceTree = "<group>";
		};
		BC71F4EE2A1B6C83001BB047 /* LeaguesDetails */ = {
			isa = PBXGroup;
			children = (
				BC71F4F02A1B6CCF001BB047 /* ViewModel */,
				BC7E1BC32A1FF84300A08896 /* View */,
			);
			path = LeaguesDetails;
			sourceTree = "<group>";
		};
		BC71F4EF2A1B6C96001BB047 /* TeamDetails */ = {
			isa = PBXGroup;
			children = (
				BCF1E2D52A1FB3860017AF79 /* ViewModel */,
				BCF1E2D42A1FB37A0017AF79 /* View */,
			);
			path = TeamDetails;
			sourceTree = "<group>";
		};
		BC71F4F02A1B6CCF001BB047 /* ViewModel */ = {
			isa = PBXGroup;
			children = (
				BC6FB2372A1BC1F400068141 /* LeagueDetailsViewModel.swift */,
			);
			path = ViewModel;
			sourceTree = "<group>";
		};
		BC71F4F12A1B6CFC001BB047 /* View */ = {
			isa = PBXGroup;
			children = (
				BCCE4B152A19D808007AD9B0 /* FavoritesViewController.swift */,
			);
			path = View;
			sourceTree = "<group>";
		};
		BC71F4FC2A1B7542001BB047 /* resources */ = {
			isa = PBXGroup;
			children = (
				BC561EF62A28DF4D006508C0 /* empty.json */,
				BC561EF72A28DF54006508C0 /* internet.json */,
				BC6C27582A26C1CC0026F0CA /* sports.json */,
				BCEA558C2A19465500827FBD /* Assets.xcassets */,
			);
			path = resources;
			sourceTree = "<group>";
		};
		BC73FC042A24E1C700045FFC /* Database */ = {
			isa = PBXGroup;
			children = (
				BC73FC052A24E1E000045FFC /* TeamsCoreData.swift */,
			);
			path = Database;
			sourceTree = "<group>";
		};
		BC73FC072A24E6D800045FFC /* ViewModel */ = {
			isa = PBXGroup;
			children = (
				BC73FC082A24E6F500045FFC /* FavoritesViewModel.swift */,
			);
			path = ViewModel;
			sourceTree = "<group>";
		};
		BC7E1BC32A1FF84300A08896 /* View */ = {
			isa = PBXGroup;
			children = (
				BC7E1BC62A1FF89B00A08896 /* LowerCustomCell */,
				BC7E1BC52A1FF87B00A08896 /* MiddleCustomCell */,
				BC7E1BC42A1FF86100A08896 /* UpperCustomCell */,
				BC7120A32A1D505C0046CDF9 /* LeaguesDetailsViewController.swift */,
			);
			path = View;
			sourceTree = "<group>";
		};
		BC7E1BC42A1FF86100A08896 /* UpperCustomCell */ = {
			isa = PBXGroup;
			children = (
				BC2C75FC2A1D0B5800996BEB /* UpComingEventsCell.swift */,
				BC2C75FD2A1D0B5800996BEB /* UpComingEventsCell.xib */,
			);
			path = UpperCustomCell;
			sourceTree = "<group>";
		};
		BC7E1BC52A1FF87B00A08896 /* MiddleCustomCell */ = {
			isa = PBXGroup;
			children = (
				BC82F1BD2A1E362B0068FCAA /* LatestResultTableCell.swift */,
				BC82F1BE2A1E362B0068FCAA /* LatestResultTableCell.xib */,
			);
			path = MiddleCustomCell;
			sourceTree = "<group>";
		};
		BC7E1BC62A1FF89B00A08896 /* LowerCustomCell */ = {
			isa = PBXGroup;
			children = (
				BC82F1C12A1E3EAE0068FCAA /* TeamsCell.swift */,
			);
			path = LowerCustomCell;
			sourceTree = "<group>";
		};
		BCADF7AE2A200D70004F9DE3 /* CustomTableCell */ = {
			isa = PBXGroup;
			children = (
				BC700F5D2A1A43FC002AD341 /* TableViewCell.xib */,
				BC700F5C2A1A43FC002AD341 /* TableViewCell.swift */,
			);
			path = CustomTableCell;
			sourceTree = "<group>";
		};
		BCD45DFF2A2A4C8F000A6AB4 /* Resources */ = {
			isa = PBXGroup;
			children = (
				BCA9E1B82A2A156E00270A69 /* Leagues.json */,
				BCD45E002A2A4D2E000A6AB4 /* UpComingEvents.json */,
				BCD45E022A2A526A000A6AB4 /* LatestEvents.json */,
				BCD45E032A2A5C3C000A6AB4 /* Teams.json */,
				BCD45E042A2A5D10000A6AB4 /* TeamDetails.json */,
			);
			path = Resources;
			sourceTree = "<group>";
		};
		BCEA55742A19465300827FBD = {
			isa = PBXGroup;
			children = (
				BCEA557F2A19465300827FBD /* SportsHub */,
				BCEA55992A19465600827FBD /* SportsHubTests */,
				BCEA557E2A19465300827FBD /* Products */,
				DE507D6479D8478B8F2EE68A /* Pods */,
				13280A56E356FD28BA67538D /* Frameworks */,
			);
			sourceTree = "<group>";
		};
		BCEA557E2A19465300827FBD /* Products */ = {
			isa = PBXGroup;
			children = (
				BCEA557D2A19465300827FBD /* SportsHub.app */,
				BCEA55962A19465600827FBD /* SportsHubTests.xctest */,
			);
			name = Products;
			sourceTree = "<group>";
		};
		BCEA557F2A19465300827FBD /* SportsHub */ = {
			isa = PBXGroup;
			children = (
				BCEA55802A19465300827FBD /* AppDelegate.swift */,
				BCF1E2CF2A1F9D5F0017AF79 /* Utilities */,
				BC71F4FC2A1B7542001BB047 /* resources */,
				BC700F602A1A5394002AD341 /* Services */,
				BC700F5B2A1A4309002AD341 /* View */,
				BC700F522A1A3C59002AD341 /* Model */,
				BC700F4E2A1A3BC4002AD341 /* Modules */,
				BCEA55822A19465300827FBD /* SceneDelegate.swift */,
				BCEA55912A19465500827FBD /* Info.plist */,
				BCEA55892A19465300827FBD /* SportsHub.xcdatamodeld */,
			);
			path = SportsHub;
			sourceTree = "<group>";
		};
		BCEA55992A19465600827FBD /* SportsHubTests */ = {
			isa = PBXGroup;
			children = (
				BCD45DFF2A2A4C8F000A6AB4 /* Resources */,
				BCD45DFD2A2A4937000A6AB4 /* Mockable.swift */,
				BCEA559A2A19465600827FBD /* SportsHubTests.swift */,
				BC3182592A28D9B0007C74D8 /* APICallerTests.swift */,
				BCA9E1BA2A2A181E00270A69 /* MockAPICaller.swift */,
				BCA9E1BC2A2A220500270A69 /* MockAPICallerTests.swift */,
			);
			path = SportsHubTests;
			sourceTree = "<group>";
		};
		BCF1E2CF2A1F9D5F0017AF79 /* Utilities */ = {
			isa = PBXGroup;
			children = (
				BCF1E2D02A1F9D730017AF79 /* Style.swift */,
				BCADF7AC2A200A9E004F9DE3 /* Alerts.swift */,
				BC73FC0F2A24FEDF00045FFC /* Observable.swift */,
				BC4795032A27757700F10F46 /* Indicator.swift */,
			);
			path = Utilities;
			sourceTree = "<group>";
		};
		BCF1E2D42A1FB37A0017AF79 /* View */ = {
			isa = PBXGroup;
			children = (
				BCF1E2D22A1FB3430017AF79 /* TeamDetailsViewController.swift */,
				BCF1E2D62A1FB3C50017AF79 /* PlayerCell.swift */,
				BCF1E2D72A1FB3C50017AF79 /* PlayerCell.xib */,
			);
			path = View;
			sourceTree = "<group>";
		};
		BCF1E2D52A1FB3860017AF79 /* ViewModel */ = {
			isa = PBXGroup;
			children = (
				BC1268502A1FD6D9003134AE /* TeamDetailsViewModel.swift */,
			);
			path = ViewModel;
			sourceTree = "<group>";
		};
		BCF3E2A42A23B0EF00DF3075 /* New Group */ = {
			isa = PBXGroup;
			children = (
				BCF3E2A52A23B11800DF3075 /* LeagueViewModel.swift */,
			);
			path = "New Group";
			sourceTree = "<group>";
		};
		DE507D6479D8478B8F2EE68A /* Pods */ = {
			isa = PBXGroup;
			children = (
				2F4BE4F88542FA721BA1D1D3 /* Pods-SportsHub.debug.xcconfig */,
				A9CBFB24831ED55C371616B3 /* Pods-SportsHub.release.xcconfig */,
				6FF5D3C175D3D771F31E1EA5 /* Pods-SportsHub-SportsHubUITests.debug.xcconfig */,
				F051AC8622A87A91C2741DD7 /* Pods-SportsHub-SportsHubUITests.release.xcconfig */,
				FCCBCEDC8C9F6AB2E035C3ED /* Pods-SportsHubTests.debug.xcconfig */,
				4A2C53A1716FC53DF5BD1B52 /* Pods-SportsHubTests.release.xcconfig */,
			);
			path = Pods;
			sourceTree = "<group>";
		};
/* End PBXGroup section */

/* Begin PBXNativeTarget section */
		BCEA557C2A19465300827FBD /* SportsHub */ = {
			isa = PBXNativeTarget;
			buildConfigurationList = BCEA55AA2A19465600827FBD /* Build configuration list for PBXNativeTarget "SportsHub" */;
			buildPhases = (
				B9135557A02F617635AAA1D9 /* [CP] Check Pods Manifest.lock */,
				BCEA55792A19465300827FBD /* Sources */,
				BCEA557A2A19465300827FBD /* Frameworks */,
				BCEA557B2A19465300827FBD /* Resources */,
				7DFAB28E1AE10404A0370A09 /* [CP] Embed Pods Frameworks */,
			);
			buildRules = (
			);
			dependencies = (
			);
			name = SportsHub;
			productName = SportsHub;
			productReference = BCEA557D2A19465300827FBD /* SportsHub.app */;
			productType = "com.apple.product-type.application";
		};
		BCEA55952A19465600827FBD /* SportsHubTests */ = {
			isa = PBXNativeTarget;
			buildConfigurationList = BCEA55AD2A19465600827FBD /* Build configuration list for PBXNativeTarget "SportsHubTests" */;
			buildPhases = (
				C4696FCC4368EAB0CB6A1F83 /* [CP] Check Pods Manifest.lock */,
				BCEA55922A19465600827FBD /* Sources */,
				BCEA55932A19465600827FBD /* Frameworks */,
				BCEA55942A19465600827FBD /* Resources */,
			);
			buildRules = (
			);
			dependencies = (
				BCEA55982A19465600827FBD /* PBXTargetDependency */,
			);
			name = SportsHubTests;
			productName = SportsHubTests;
			productReference = BCEA55962A19465600827FBD /* SportsHubTests.xctest */;
			productType = "com.apple.product-type.bundle.unit-test";
		};
/* End PBXNativeTarget section */

/* Begin PBXProject section */
		BCEA55752A19465300827FBD /* Project object */ = {
			isa = PBXProject;
			attributes = {
				BuildIndependentTargetsInParallel = 1;
				LastSwiftUpdateCheck = 1430;
				LastUpgradeCheck = 1430;
				TargetAttributes = {
					BCEA557C2A19465300827FBD = {
						CreatedOnToolsVersion = 14.3;
					};
					BCEA55952A19465600827FBD = {
						CreatedOnToolsVersion = 14.3;
						TestTargetID = BCEA557C2A19465300827FBD;
					};
				};
			};
			buildConfigurationList = BCEA55782A19465300827FBD /* Build configuration list for PBXProject "SportsHub" */;
			compatibilityVersion = "Xcode 14.0";
			developmentRegion = en;
			hasScannedForEncodings = 0;
			knownRegions = (
				en,
				Base,
			);
			mainGroup = BCEA55742A19465300827FBD;
			productRefGroup = BCEA557E2A19465300827FBD /* Products */;
			projectDirPath = "";
			projectRoot = "";
			targets = (
				BCEA557C2A19465300827FBD /* SportsHub */,
				BCEA55952A19465600827FBD /* SportsHubTests */,
			);
		};
/* End PBXProject section */

/* Begin PBXResourcesBuildPhase section */
		BCEA557B2A19465300827FBD /* Resources */ = {
			isa = PBXResourcesBuildPhase;
			buildActionMask = 2147483647;
			files = (
				BC700EC82A19E545002AD341 /* SportCollectionViewCell.xib in Resources */,
				BC561EF82A28DF54006508C0 /* empty.json in Resources */,
				BC2C75FF2A1D0B5800996BEB /* UpComingEventsCell.xib in Resources */,
				BC6C27592A26C1CC0026F0CA /* sports.json in Resources */,
				BC700F5F2A1A43FC002AD341 /* TableViewCell.xib in Resources */,
				BCEA55902A19465500827FBD /* LaunchScreen.storyboard in Resources */,
				BC82F1C02A1E362B0068FCAA /* LatestResultTableCell.xib in Resources */,
				BCEA558D2A19465500827FBD /* Assets.xcassets in Resources */,
				BCF1E2D92A1FB3C50017AF79 /* PlayerCell.xib in Resources */,
				BC561EF92A28DF54006508C0 /* internet.json in Resources */,
				BCEA55882A19465300827FBD /* Main.storyboard in Resources */,
			);
			runOnlyForDeploymentPostprocessing = 0;
		};
		BCEA55942A19465600827FBD /* Resources */ = {
			isa = PBXResourcesBuildPhase;
			buildActionMask = 2147483647;
			files = (
				BCD45E012A2A4D2E000A6AB4 /* UpComingEvents.json in Resources */,
				BCA9E1B92A2A156E00270A69 /* Leagues.json in Resources */,
			);
			runOnlyForDeploymentPostprocessing = 0;
		};
/* End PBXResourcesBuildPhase section */

/* Begin PBXShellScriptBuildPhase section */
		7DFAB28E1AE10404A0370A09 /* [CP] Embed Pods Frameworks */ = {
			isa = PBXShellScriptBuildPhase;
			buildActionMask = 2147483647;
			files = (
			);
			inputFileListPaths = (
				"${PODS_ROOT}/Target Support Files/Pods-SportsHub/Pods-SportsHub-frameworks-${CONFIGURATION}-input-files.xcfilelist",
			);
			name = "[CP] Embed Pods Frameworks";
			outputFileListPaths = (
				"${PODS_ROOT}/Target Support Files/Pods-SportsHub/Pods-SportsHub-frameworks-${CONFIGURATION}-output-files.xcfilelist",
			);
			runOnlyForDeploymentPostprocessing = 0;
			shellPath = /bin/sh;
			shellScript = "\"${PODS_ROOT}/Target Support Files/Pods-SportsHub/Pods-SportsHub-frameworks.sh\"\n";
			showEnvVarsInLog = 0;
		};
		B9135557A02F617635AAA1D9 /* [CP] Check Pods Manifest.lock */ = {
			isa = PBXShellScriptBuildPhase;
			buildActionMask = 2147483647;
			files = (
			);
			inputFileListPaths = (
			);
			inputPaths = (
				"${PODS_PODFILE_DIR_PATH}/Podfile.lock",
				"${PODS_ROOT}/Manifest.lock",
			);
			name = "[CP] Check Pods Manifest.lock";
			outputFileListPaths = (
			);
			outputPaths = (
				"$(DERIVED_FILE_DIR)/Pods-SportsHub-checkManifestLockResult.txt",
			);
			runOnlyForDeploymentPostprocessing = 0;
			shellPath = /bin/sh;
			shellScript = "diff \"${PODS_PODFILE_DIR_PATH}/Podfile.lock\" \"${PODS_ROOT}/Manifest.lock\" > /dev/null\nif [ $? != 0 ] ; then\n    # print error to STDERR\n    echo \"error: The sandbox is not in sync with the Podfile.lock. Run 'pod install' or update your CocoaPods installation.\" >&2\n    exit 1\nfi\n# This output is used by Xcode 'outputs' to avoid re-running this script phase.\necho \"SUCCESS\" > \"${SCRIPT_OUTPUT_FILE_0}\"\n";
			showEnvVarsInLog = 0;
		};
		C4696FCC4368EAB0CB6A1F83 /* [CP] Check Pods Manifest.lock */ = {
			isa = PBXShellScriptBuildPhase;
			buildActionMask = 2147483647;
			files = (
			);
			inputFileListPaths = (
			);
			inputPaths = (
				"${PODS_PODFILE_DIR_PATH}/Podfile.lock",
				"${PODS_ROOT}/Manifest.lock",
			);
			name = "[CP] Check Pods Manifest.lock";
			outputFileListPaths = (
			);
			outputPaths = (
				"$(DERIVED_FILE_DIR)/Pods-SportsHubTests-checkManifestLockResult.txt",
			);
			runOnlyForDeploymentPostprocessing = 0;
			shellPath = /bin/sh;
			shellScript = "diff \"${PODS_PODFILE_DIR_PATH}/Podfile.lock\" \"${PODS_ROOT}/Manifest.lock\" > /dev/null\nif [ $? != 0 ] ; then\n    # print error to STDERR\n    echo \"error: The sandbox is not in sync with the Podfile.lock. Run 'pod install' or update your CocoaPods installation.\" >&2\n    exit 1\nfi\n# This output is used by Xcode 'outputs' to avoid re-running this script phase.\necho \"SUCCESS\" > \"${SCRIPT_OUTPUT_FILE_0}\"\n";
			showEnvVarsInLog = 0;
		};
/* End PBXShellScriptBuildPhase section */

/* Begin PBXSourcesBuildPhase section */
		BCEA55792A19465300827FBD /* Sources */ = {
			isa = PBXSourcesBuildPhase;
			buildActionMask = 2147483647;
			files = (
				BCEA558B2A19465300827FBD /* SportsHub.xcdatamodeld in Sources */,
				BC73FC092A24E6F500045FFC /* FavoritesViewModel.swift in Sources */,
				BCF1E2D32A1FB3430017AF79 /* TeamDetailsViewController.swift in Sources */,
				BC1268512A1FD6D9003134AE /* TeamDetailsViewModel.swift in Sources */,
				BC82F1C42A1E4FEA0068FCAA /* Events.swift in Sources */,
				BC7120A42A1D505C0046CDF9 /* LeaguesDetailsViewController.swift in Sources */,
				BCEA55852A19465300827FBD /* HomeViewController.swift in Sources */,
				BCF1E2D82A1FB3C50017AF79 /* PlayerCell.swift in Sources */,
				BCD07BCF2A263F9D00DC67CF /* SplashScreenViewController.swift in Sources */,
				BC6FB23C2A1BCBF000068141 /* APICaller.swift in Sources */,
				BCEA55812A19465300827FBD /* AppDelegate.swift in Sources */,
				BC6FB2382A1BC1F400068141 /* LeagueDetailsViewModel.swift in Sources */,
				BCADF7AD2A200A9E004F9DE3 /* Alerts.swift in Sources */,
				BC700ECA2A19E75E002AD341 /* SportDTO.swift in Sources */,
				BC700F5E2A1A43FC002AD341 /* TableViewCell.swift in Sources */,
				BC6FB23A2A1BC8C600068141 /* Leagues.swift in Sources */,
				BCCE4B162A19D808007AD9B0 /* FavoritesViewController.swift in Sources */,
				BCF3E2A62A23B11800DF3075 /* LeagueViewModel.swift in Sources */,
				BC4795042A27757700F10F46 /* Indicator.swift in Sources */,
				BC71F4FB2A1B717D001BB047 /* Network.swift in Sources */,
				BC2C75FE2A1D0B5800996BEB /* UpComingEventsCell.swift in Sources */,
				BC82F1BF2A1E362B0068FCAA /* LatestResultTableCell.swift in Sources */,
				BC82F1C22A1E3EAE0068FCAA /* TeamsCell.swift in Sources */,
				BCE041552A1F83ED001AEA4C /* Teams.swift in Sources */,
				BC700F5A2A1A42CA002AD341 /* LeaguesTableViewController.swift in Sources */,
				BCEA55832A19465300827FBD /* SceneDelegate.swift in Sources */,
				BC73FC102A24FEDF00045FFC /* Observable.swift in Sources */,
				BC73FC062A24E1E000045FFC /* TeamsCoreData.swift in Sources */,
				BC73FC0E2A24F7BD00045FFC /* Favorites.swift in Sources */,
				BCF1E2D12A1F9D730017AF79 /* Style.swift in Sources */,
				BC700EC72A19E545002AD341 /* SportCollectionViewCell.swift in Sources */,
			);
			runOnlyForDeploymentPostprocessing = 0;
		};
		BCEA55922A19465600827FBD /* Sources */ = {
			isa = PBXSourcesBuildPhase;
			buildActionMask = 2147483647;
			files = (
				BCEA559B2A19465600827FBD /* SportsHubTests.swift in Sources */,
				BCD45DFE2A2A4937000A6AB4 /* Mockable.swift in Sources */,
				BCA9E1BD2A2A220500270A69 /* MockAPICallerTests.swift in Sources */,
				BC31825A2A28D9B0007C74D8 /* APICallerTests.swift in Sources */,
				BCA9E1BB2A2A181E00270A69 /* MockAPICaller.swift in Sources */,
			);
			runOnlyForDeploymentPostprocessing = 0;
		};
/* End PBXSourcesBuildPhase section */

/* Begin PBXTargetDependency section */
		BCEA55982A19465600827FBD /* PBXTargetDependency */ = {
			isa = PBXTargetDependency;
			target = BCEA557C2A19465300827FBD /* SportsHub */;
			targetProxy = BCEA55972A19465600827FBD /* PBXContainerItemProxy */;
		};
/* End PBXTargetDependency section */

/* Begin PBXVariantGroup section */
		BCEA55862A19465300827FBD /* Main.storyboard */ = {
			isa = PBXVariantGroup;
			children = (
				BCEA55872A19465300827FBD /* Base */,
			);
			name = Main.storyboard;
			sourceTree = "<group>";
		};
		BCEA558E2A19465500827FBD /* LaunchScreen.storyboard */ = {
			isa = PBXVariantGroup;
			children = (
				BCEA558F2A19465500827FBD /* Base */,
			);
			name = LaunchScreen.storyboard;
			sourceTree = "<group>";
		};
/* End PBXVariantGroup section */

/* Begin XCBuildConfiguration section */
		BCEA55A82A19465600827FBD /* Debug */ = {
			isa = XCBuildConfiguration;
			buildSettings = {
				ALWAYS_SEARCH_USER_PATHS = NO;
				CLANG_ANALYZER_NONNULL = YES;
				CLANG_ANALYZER_NUMBER_OBJECT_CONVERSION = YES_AGGRESSIVE;
				CLANG_CXX_LANGUAGE_STANDARD = "gnu++20";
				CLANG_ENABLE_MODULES = YES;
				CLANG_ENABLE_OBJC_ARC = YES;
				CLANG_ENABLE_OBJC_WEAK = YES;
				CLANG_WARN_BLOCK_CAPTURE_AUTORELEASING = YES;
				CLANG_WARN_BOOL_CONVERSION = YES;
				CLANG_WARN_COMMA = YES;
				CLANG_WARN_CONSTANT_CONVERSION = YES;
				CLANG_WARN_DEPRECATED_OBJC_IMPLEMENTATIONS = YES;
				CLANG_WARN_DIRECT_OBJC_ISA_USAGE = YES_ERROR;
				CLANG_WARN_DOCUMENTATION_COMMENTS = YES;
				CLANG_WARN_EMPTY_BODY = YES;
				CLANG_WARN_ENUM_CONVERSION = YES;
				CLANG_WARN_INFINITE_RECURSION = YES;
				CLANG_WARN_INT_CONVERSION = YES;
				CLANG_WARN_NON_LITERAL_NULL_CONVERSION = YES;
				CLANG_WARN_OBJC_IMPLICIT_RETAIN_SELF = YES;
				CLANG_WARN_OBJC_LITERAL_CONVERSION = YES;
				CLANG_WARN_OBJC_ROOT_CLASS = YES_ERROR;
				CLANG_WARN_QUOTED_INCLUDE_IN_FRAMEWORK_HEADER = YES;
				CLANG_WARN_RANGE_LOOP_ANALYSIS = YES;
				CLANG_WARN_STRICT_PROTOTYPES = YES;
				CLANG_WARN_SUSPICIOUS_MOVE = YES;
				CLANG_WARN_UNGUARDED_AVAILABILITY = YES_AGGRESSIVE;
				CLANG_WARN_UNREACHABLE_CODE = YES;
				CLANG_WARN__DUPLICATE_METHOD_MATCH = YES;
				COPY_PHASE_STRIP = NO;
				DEBUG_INFORMATION_FORMAT = dwarf;
				ENABLE_STRICT_OBJC_MSGSEND = YES;
				ENABLE_TESTABILITY = YES;
				GCC_C_LANGUAGE_STANDARD = gnu11;
				GCC_DYNAMIC_NO_PIC = NO;
				GCC_NO_COMMON_BLOCKS = YES;
				GCC_OPTIMIZATION_LEVEL = 0;
				GCC_PREPROCESSOR_DEFINITIONS = (
					"DEBUG=1",
					"$(inherited)",
				);
				GCC_WARN_64_TO_32_BIT_CONVERSION = YES;
				GCC_WARN_ABOUT_RETURN_TYPE = YES_ERROR;
				GCC_WARN_UNDECLARED_SELECTOR = YES;
				GCC_WARN_UNINITIALIZED_AUTOS = YES_AGGRESSIVE;
				GCC_WARN_UNUSED_FUNCTION = YES;
				GCC_WARN_UNUSED_VARIABLE = YES;
				IPHONEOS_DEPLOYMENT_TARGET = 16.4;
				MTL_ENABLE_DEBUG_INFO = INCLUDE_SOURCE;
				MTL_FAST_MATH = YES;
				ONLY_ACTIVE_ARCH = YES;
				SDKROOT = iphoneos;
				SWIFT_ACTIVE_COMPILATION_CONDITIONS = DEBUG;
				SWIFT_OPTIMIZATION_LEVEL = "-Onone";
			};
			name = Debug;
		};
		BCEA55A92A19465600827FBD /* Release */ = {
			isa = XCBuildConfiguration;
			buildSettings = {
				ALWAYS_SEARCH_USER_PATHS = NO;
				CLANG_ANALYZER_NONNULL = YES;
				CLANG_ANALYZER_NUMBER_OBJECT_CONVERSION = YES_AGGRESSIVE;
				CLANG_CXX_LANGUAGE_STANDARD = "gnu++20";
				CLANG_ENABLE_MODULES = YES;
				CLANG_ENABLE_OBJC_ARC = YES;
				CLANG_ENABLE_OBJC_WEAK = YES;
				CLANG_WARN_BLOCK_CAPTURE_AUTORELEASING = YES;
				CLANG_WARN_BOOL_CONVERSION = YES;
				CLANG_WARN_COMMA = YES;
				CLANG_WARN_CONSTANT_CONVERSION = YES;
				CLANG_WARN_DEPRECATED_OBJC_IMPLEMENTATIONS = YES;
				CLANG_WARN_DIRECT_OBJC_ISA_USAGE = YES_ERROR;
				CLANG_WARN_DOCUMENTATION_COMMENTS = YES;
				CLANG_WARN_EMPTY_BODY = YES;
				CLANG_WARN_ENUM_CONVERSION = YES;
				CLANG_WARN_INFINITE_RECURSION = YES;
				CLANG_WARN_INT_CONVERSION = YES;
				CLANG_WARN_NON_LITERAL_NULL_CONVERSION = YES;
				CLANG_WARN_OBJC_IMPLICIT_RETAIN_SELF = YES;
				CLANG_WARN_OBJC_LITERAL_CONVERSION = YES;
				CLANG_WARN_OBJC_ROOT_CLASS = YES_ERROR;
				CLANG_WARN_QUOTED_INCLUDE_IN_FRAMEWORK_HEADER = YES;
				CLANG_WARN_RANGE_LOOP_ANALYSIS = YES;
				CLANG_WARN_STRICT_PROTOTYPES = YES;
				CLANG_WARN_SUSPICIOUS_MOVE = YES;
				CLANG_WARN_UNGUARDED_AVAILABILITY = YES_AGGRESSIVE;
				CLANG_WARN_UNREACHABLE_CODE = YES;
				CLANG_WARN__DUPLICATE_METHOD_MATCH = YES;
				COPY_PHASE_STRIP = NO;
				DEBUG_INFORMATION_FORMAT = "dwarf-with-dsym";
				ENABLE_NS_ASSERTIONS = NO;
				ENABLE_STRICT_OBJC_MSGSEND = YES;
				GCC_C_LANGUAGE_STANDARD = gnu11;
				GCC_NO_COMMON_BLOCKS = YES;
				GCC_WARN_64_TO_32_BIT_CONVERSION = YES;
				GCC_WARN_ABOUT_RETURN_TYPE = YES_ERROR;
				GCC_WARN_UNDECLARED_SELECTOR = YES;
				GCC_WARN_UNINITIALIZED_AUTOS = YES_AGGRESSIVE;
				GCC_WARN_UNUSED_FUNCTION = YES;
				GCC_WARN_UNUSED_VARIABLE = YES;
				IPHONEOS_DEPLOYMENT_TARGET = 16.4;
				MTL_ENABLE_DEBUG_INFO = NO;
				MTL_FAST_MATH = YES;
				SDKROOT = iphoneos;
				SWIFT_COMPILATION_MODE = wholemodule;
				SWIFT_OPTIMIZATION_LEVEL = "-O";
				VALIDATE_PRODUCT = YES;
			};
			name = Release;
		};
		BCEA55AB2A19465600827FBD /* Debug */ = {
			isa = XCBuildConfiguration;
			baseConfigurationReference = 2F4BE4F88542FA721BA1D1D3 /* Pods-SportsHub.debug.xcconfig */;
			buildSettings = {
				ASSETCATALOG_COMPILER_APPICON_NAME = AppIcon;
				ASSETCATALOG_COMPILER_GLOBAL_ACCENT_COLOR_NAME = AccentColor;
				CODE_SIGN_STYLE = Automatic;
				CURRENT_PROJECT_VERSION = 1;
				DEVELOPMENT_TEAM = U43F2S25P4;
				GENERATE_INFOPLIST_FILE = YES;
				INFOPLIST_FILE = SportsHub/Info.plist;
				INFOPLIST_KEY_UIApplicationSupportsIndirectInputEvents = YES;
				INFOPLIST_KEY_UILaunchStoryboardName = LaunchScreen;
				INFOPLIST_KEY_UIMainStoryboardFile = Main;
				INFOPLIST_KEY_UISupportedInterfaceOrientations_iPad = "UIInterfaceOrientationPortrait UIInterfaceOrientationPortraitUpsideDown UIInterfaceOrientationLandscapeLeft UIInterfaceOrientationLandscapeRight";
				INFOPLIST_KEY_UISupportedInterfaceOrientations_iPhone = "UIInterfaceOrientationPortrait UIInterfaceOrientationLandscapeLeft UIInterfaceOrientationLandscapeRight";
				LD_RUNPATH_SEARCH_PATHS = (
					"$(inherited)",
					"@executable_path/Frameworks",
				);
				MARKETING_VERSION = 1.0;
				PRODUCT_BUNDLE_IDENTIFIER = student.SportsHub;
				PRODUCT_NAME = "$(TARGET_NAME)";
				SWIFT_EMIT_LOC_STRINGS = YES;
				SWIFT_VERSION = 5.0;
				TARGETED_DEVICE_FAMILY = "1,2";
			};
			name = Debug;
		};
		BCEA55AC2A19465600827FBD /* Release */ = {
			isa = XCBuildConfiguration;
			baseConfigurationReference = A9CBFB24831ED55C371616B3 /* Pods-SportsHub.release.xcconfig */;
			buildSettings = {
				ASSETCATALOG_COMPILER_APPICON_NAME = AppIcon;
				ASSETCATALOG_COMPILER_GLOBAL_ACCENT_COLOR_NAME = AccentColor;
				CODE_SIGN_STYLE = Automatic;
				CURRENT_PROJECT_VERSION = 1;
				DEVELOPMENT_TEAM = U43F2S25P4;
				GENERATE_INFOPLIST_FILE = YES;
				INFOPLIST_FILE = SportsHub/Info.plist;
				INFOPLIST_KEY_UIApplicationSupportsIndirectInputEvents = YES;
				INFOPLIST_KEY_UILaunchStoryboardName = LaunchScreen;
				INFOPLIST_KEY_UIMainStoryboardFile = Main;
				INFOPLIST_KEY_UISupportedInterfaceOrientations_iPad = "UIInterfaceOrientationPortrait UIInterfaceOrientationPortraitUpsideDown UIInterfaceOrientationLandscapeLeft UIInterfaceOrientationLandscapeRight";
				INFOPLIST_KEY_UISupportedInterfaceOrientations_iPhone = "UIInterfaceOrientationPortrait UIInterfaceOrientationLandscapeLeft UIInterfaceOrientationLandscapeRight";
				LD_RUNPATH_SEARCH_PATHS = (
					"$(inherited)",
					"@executable_path/Frameworks",
				);
				MARKETING_VERSION = 1.0;
				PRODUCT_BUNDLE_IDENTIFIER = student.SportsHub;
				PRODUCT_NAME = "$(TARGET_NAME)";
				SWIFT_EMIT_LOC_STRINGS = YES;
				SWIFT_VERSION = 5.0;
				TARGETED_DEVICE_FAMILY = "1,2";
			};
			name = Release;
		};
		BCEA55AE2A19465600827FBD /* Debug */ = {
			isa = XCBuildConfiguration;
			baseConfigurationReference = FCCBCEDC8C9F6AB2E035C3ED /* Pods-SportsHubTests.debug.xcconfig */;
			buildSettings = {
				ALWAYS_EMBED_SWIFT_STANDARD_LIBRARIES = YES;
				BUNDLE_LOADER = "$(TEST_HOST)";
				CODE_SIGN_STYLE = Automatic;
				CURRENT_PROJECT_VERSION = 1;
				DEVELOPMENT_TEAM = U43F2S25P4;
				GENERATE_INFOPLIST_FILE = YES;
				IPHONEOS_DEPLOYMENT_TARGET = 16.4;
				MARKETING_VERSION = 1.0;
				PRODUCT_BUNDLE_IDENTIFIER = student.SportsHubTests;
				PRODUCT_NAME = "$(TARGET_NAME)";
				SWIFT_EMIT_LOC_STRINGS = NO;
				SWIFT_VERSION = 5.0;
				TARGETED_DEVICE_FAMILY = "1,2";
				TEST_HOST = "$(BUILT_PRODUCTS_DIR)/SportsHub.app/$(BUNDLE_EXECUTABLE_FOLDER_PATH)/SportsHub";
			};
			name = Debug;
		};
		BCEA55AF2A19465600827FBD /* Release */ = {
			isa = XCBuildConfiguration;
			baseConfigurationReference = 4A2C53A1716FC53DF5BD1B52 /* Pods-SportsHubTests.release.xcconfig */;
			buildSettings = {
				ALWAYS_EMBED_SWIFT_STANDARD_LIBRARIES = YES;
				BUNDLE_LOADER = "$(TEST_HOST)";
				CODE_SIGN_STYLE = Automatic;
				CURRENT_PROJECT_VERSION = 1;
				DEVELOPMENT_TEAM = U43F2S25P4;
				GENERATE_INFOPLIST_FILE = YES;
				IPHONEOS_DEPLOYMENT_TARGET = 16.4;
				MARKETING_VERSION = 1.0;
				PRODUCT_BUNDLE_IDENTIFIER = student.SportsHubTests;
				PRODUCT_NAME = "$(TARGET_NAME)";
				SWIFT_EMIT_LOC_STRINGS = NO;
				SWIFT_VERSION = 5.0;
				TARGETED_DEVICE_FAMILY = "1,2";
				TEST_HOST = "$(BUILT_PRODUCTS_DIR)/SportsHub.app/$(BUNDLE_EXECUTABLE_FOLDER_PATH)/SportsHub";
			};
			name = Release;
		};
/* End XCBuildConfiguration section */

/* Begin XCConfigurationList section */
		BCEA55782A19465300827FBD /* Build configuration list for PBXProject "SportsHub" */ = {
			isa = XCConfigurationList;
			buildConfigurations = (
				BCEA55A82A19465600827FBD /* Debug */,
				BCEA55A92A19465600827FBD /* Release */,
			);
			defaultConfigurationIsVisible = 0;
			defaultConfigurationName = Release;
		};
		BCEA55AA2A19465600827FBD /* Build configuration list for PBXNativeTarget "SportsHub" */ = {
			isa = XCConfigurationList;
			buildConfigurations = (
				BCEA55AB2A19465600827FBD /* Debug */,
				BCEA55AC2A19465600827FBD /* Release */,
			);
			defaultConfigurationIsVisible = 0;
			defaultConfigurationName = Release;
		};
		BCEA55AD2A19465600827FBD /* Build configuration list for PBXNativeTarget "SportsHubTests" */ = {
			isa = XCConfigurationList;
			buildConfigurations = (
				BCEA55AE2A19465600827FBD /* Debug */,
				BCEA55AF2A19465600827FBD /* Release */,
			);
			defaultConfigurationIsVisible = 0;
			defaultConfigurationName = Release;
		};
/* End XCConfigurationList section */

/* Begin XCVersionGroup section */
		BCEA55892A19465300827FBD /* SportsHub.xcdatamodeld */ = {
			isa = XCVersionGroup;
			children = (
				BCEA558A2A19465300827FBD /* SportsHub.xcdatamodel */,
			);
			currentVersion = BCEA558A2A19465300827FBD /* SportsHub.xcdatamodel */;
			path = SportsHub.xcdatamodeld;
			sourceTree = "<group>";
			versionGroupType = wrapper.xcdatamodel;
		};
/* End XCVersionGroup section */
	};
	rootObject = BCEA55752A19465300827FBD /* Project object */;
}
