// !$*UTF8*$!
{
	archiveVersion = 1;
	classes = {
	};
	objectVersion = 56;
	objects = {

/* Begin PBXBuildFile section */
		BCEA55812A19465300827FBD /* AppDelegate.swift in Sources */ = {isa = PBXBuildFile; fileRef = BCEA55802A19465300827FBD /* AppDelegate.swift */; };
		BCEA55832A19465300827FBD /* SceneDelegate.swift in Sources */ = {isa = PBXBuildFile; fileRef = BCEA55822A19465300827FBD /* SceneDelegate.swift */; };
		BCEA55852A19465300827FBD /* ViewController.swift in Sources */ = {isa = PBXBuildFile; fileRef = BCEA55842A19465300827FBD /* ViewController.swift */; };
		BCEA55882A19465300827FBD /* Main.storyboard in Resources */ = {isa = PBXBuildFile; fileRef = BCEA55862A19465300827FBD /* Main.storyboard */; };
		BCEA558B2A19465300827FBD /* SportsHub.xcdatamodeld in Sources */ = {isa = PBXBuildFile; fileRef = BCEA55892A19465300827FBD /* SportsHub.xcdatamodeld */; };
		BCEA558D2A19465500827FBD /* Assets.xcassets in Resources */ = {isa = PBXBuildFile; fileRef = BCEA558C2A19465500827FBD /* Assets.xcassets */; };
		BCEA55902A19465500827FBD /* LaunchScreen.storyboard in Resources */ = {isa = PBXBuildFile; fileRef = BCEA558E2A19465500827FBD /* LaunchScreen.storyboard */; };
		BCEA559B2A19465600827FBD /* SportsHubTests.swift in Sources */ = {isa = PBXBuildFile; fileRef = BCEA559A2A19465600827FBD /* SportsHubTests.swift */; };
		BCEA55A52A19465600827FBD /* SportsHubUITests.swift in Sources */ = {isa = PBXBuildFile; fileRef = BCEA55A42A19465600827FBD /* SportsHubUITests.swift */; };
		BCEA55A72A19465600827FBD /* SportsHubUITestsLaunchTests.swift in Sources */ = {isa = PBXBuildFile; fileRef = BCEA55A62A19465600827FBD /* SportsHubUITestsLaunchTests.swift */; };
/* End PBXBuildFile section */

/* Begin PBXContainerItemProxy section */
		BCEA55972A19465600827FBD /* PBXContainerItemProxy */ = {
			isa = PBXContainerItemProxy;
			containerPortal = BCEA55752A19465300827FBD /* Project object */;
			proxyType = 1;
			remoteGlobalIDString = BCEA557C2A19465300827FBD;
			remoteInfo = SportsHub;
		};
		BCEA55A12A19465600827FBD /* PBXContainerItemProxy */ = {
			isa = PBXContainerItemProxy;
			containerPortal = BCEA55752A19465300827FBD /* Project object */;
			proxyType = 1;
			remoteGlobalIDString = BCEA557C2A19465300827FBD;
			remoteInfo = SportsHub;
		};
/* End PBXContainerItemProxy section */

/* Begin PBXFileReference section */
		BCEA557D2A19465300827FBD /* SportsHub.app */ = {isa = PBXFileReference; explicitFileType = wrapper.application; includeInIndex = 0; path = SportsHub.app; sourceTree = BUILT_PRODUCTS_DIR; };
		BCEA55802A19465300827FBD /* AppDelegate.swift */ = {isa = PBXFileReference; lastKnownFileType = sourcecode.swift; path = AppDelegate.swift; sourceTree = "<group>"; };
		BCEA55822A19465300827FBD /* SceneDelegate.swift */ = {isa = PBXFileReference; lastKnownFileType = sourcecode.swift; path = SceneDelegate.swift; sourceTree = "<group>"; };
		BCEA55842A19465300827FBD /* ViewController.swift */ = {isa = PBXFileReference; lastKnownFileType = sourcecode.swift; path = ViewController.swift; sourceTree = "<group>"; };
		BCEA55872A19465300827FBD /* Base */ = {isa = PBXFileReference; lastKnownFileType = file.storyboard; name = Base; path = Base.lproj/Main.storyboard; sourceTree = "<group>"; };
		BCEA558A2A19465300827FBD /* SportsHub.xcdatamodel */ = {isa = PBXFileReference; lastKnownFileType = wrapper.xcdatamodel; path = SportsHub.xcdatamodel; sourceTree = "<group>"; };
		BCEA558C2A19465500827FBD /* Assets.xcassets */ = {isa = PBXFileReference; lastKnownFileType = folder.assetcatalog; path = Assets.xcassets; sourceTree = "<group>"; };
		BCEA558F2A19465500827FBD /* Base */ = {isa = PBXFileReference; lastKnownFileType = file.storyboard; name = Base; path = Base.lproj/LaunchScreen.storyboard; sourceTree = "<group>"; };
		BCEA55912A19465500827FBD /* Info.plist */ = {isa = PBXFileReference; lastKnownFileType = text.plist.xml; path = Info.plist; sourceTree = "<group>"; };
		BCEA55962A19465600827FBD /* SportsHubTests.xctest */ = {isa = PBXFileReference; explicitFileType = wrapper.cfbundle; includeInIndex = 0; path = SportsHubTests.xctest; sourceTree = BUILT_PRODUCTS_DIR; };
		BCEA559A2A19465600827FBD /* SportsHubTests.swift */ = {isa = PBXFileReference; lastKnownFileType = sourcecode.swift; path = SportsHubTests.swift; sourceTree = "<group>"; };
		BCEA55A02A19465600827FBD /* SportsHubUITests.xctest */ = {isa = PBXFileReference; explicitFileType = wrapper.cfbundle; includeInIndex = 0; path = SportsHubUITests.xctest; sourceTree = BUILT_PRODUCTS_DIR; };
		BCEA55A42A19465600827FBD /* SportsHubUITests.swift */ = {isa = PBXFileReference; lastKnownFileType = sourcecode.swift; path = SportsHubUITests.swift; sourceTree = "<group>"; };
		BCEA55A62A19465600827FBD /* SportsHubUITestsLaunchTests.swift */ = {isa = PBXFileReference; lastKnownFileType = sourcecode.swift; path = SportsHubUITestsLaunchTests.swift; sourceTree = "<group>"; };
/* End PBXFileReference section */

/* Begin PBXFrameworksBuildPhase section */
		BCEA557A2A19465300827FBD /* Frameworks */ = {
			isa = PBXFrameworksBuildPhase;
			buildActionMask = 2147483647;
			files = (
			);
			runOnlyForDeploymentPostprocessing = 0;
		};
		BCEA55932A19465600827FBD /* Frameworks */ = {
			isa = PBXFrameworksBuildPhase;
			buildActionMask = 2147483647;
			files = (
			);
			runOnlyForDeploymentPostprocessing = 0;
		};
		BCEA559D2A19465600827FBD /* Frameworks */ = {
			isa = PBXFrameworksBuildPhase;
			buildActionMask = 2147483647;
			files = (
			);
			runOnlyForDeploymentPostprocessing = 0;
		};
/* End PBXFrameworksBuildPhase section */

/* Begin PBXGroup section */
		BCEA55742A19465300827FBD = {
			isa = PBXGroup;
			children = (
				BCEA557F2A19465300827FBD /* SportsHub */,
				BCEA55992A19465600827FBD /* SportsHubTests */,
				BCEA55A32A19465600827FBD /* SportsHubUITests */,
				BCEA557E2A19465300827FBD /* Products */,
			);
			sourceTree = "<group>";
		};
		BCEA557E2A19465300827FBD /* Products */ = {
			isa = PBXGroup;
			children = (
				BCEA557D2A19465300827FBD /* SportsHub.app */,
				BCEA55962A19465600827FBD /* SportsHubTests.xctest */,
				BCEA55A02A19465600827FBD /* SportsHubUITests.xctest */,
			);
			name = Products;
			sourceTree = "<group>";
		};
		BCEA557F2A19465300827FBD /* SportsHub */ = {
			isa = PBXGroup;
			children = (
				BCEA55802A19465300827FBD /* AppDelegate.swift */,
				BCEA55822A19465300827FBD /* SceneDelegate.swift */,
				BCEA55842A19465300827FBD /* ViewController.swift */,
				BCEA55862A19465300827FBD /* Main.storyboard */,
				BCEA558C2A19465500827FBD /* Assets.xcassets */,
				BCEA558E2A19465500827FBD /* LaunchScreen.storyboard */,
				BCEA55912A19465500827FBD /* Info.plist */,
				BCEA55892A19465300827FBD /* SportsHub.xcdatamodeld */,
			);
			path = SportsHub;
			sourceTree = "<group>";
		};
		BCEA55992A19465600827FBD /* SportsHubTests */ = {
			isa = PBXGroup;
			children = (
				BCEA559A2A19465600827FBD /* SportsHubTests.swift */,
			);
			path = SportsHubTests;
			sourceTree = "<group>";
		};
		BCEA55A32A19465600827FBD /* SportsHubUITests */ = {
			isa = PBXGroup;
			children = (
				BCEA55A42A19465600827FBD /* SportsHubUITests.swift */,
				BCEA55A62A19465600827FBD /* SportsHubUITestsLaunchTests.swift */,
			);
			path = SportsHubUITests;
			sourceTree = "<group>";
		};
/* End PBXGroup section */

/* Begin PBXNativeTarget section */
		BCEA557C2A19465300827FBD /* SportsHub */ = {
			isa = PBXNativeTarget;
			buildConfigurationList = BCEA55AA2A19465600827FBD /* Build configuration list for PBXNativeTarget "SportsHub" */;
			buildPhases = (
				BCEA55792A19465300827FBD /* Sources */,
				BCEA557A2A19465300827FBD /* Frameworks */,
				BCEA557B2A19465300827FBD /* Resources */,
			);
			buildRules = (
			);
			dependencies = (
			);
			name = SportsHub;
			productName = SportsHub;
			productReference = BCEA557D2A19465300827FBD /* SportsHub.app */;
			productType = "com.apple.product-type.application";
		};
		BCEA55952A19465600827FBD /* SportsHubTests */ = {
			isa = PBXNativeTarget;
			buildConfigurationList = BCEA55AD2A19465600827FBD /* Build configuration list for PBXNativeTarget "SportsHubTests" */;
			buildPhases = (
				BCEA55922A19465600827FBD /* Sources */,
				BCEA55932A19465600827FBD /* Frameworks */,
				BCEA55942A19465600827FBD /* Resources */,
			);
			buildRules = (
			);
			dependencies = (
				BCEA55982A19465600827FBD /* PBXTargetDependency */,
			);
			name = SportsHubTests;
			productName = SportsHubTests;
			productReference = BCEA55962A19465600827FBD /* SportsHubTests.xctest */;
			productType = "com.apple.product-type.bundle.unit-test";
		};
		BCEA559F2A19465600827FBD /* SportsHubUITests */ = {
			isa = PBXNativeTarget;
			buildConfigurationList = BCEA55B02A19465600827FBD /* Build configuration list for PBXNativeTarget "SportsHubUITests" */;
			buildPhases = (
				BCEA559C2A19465600827FBD /* Sources */,
				BCEA559D2A19465600827FBD /* Frameworks */,
				BCEA559E2A19465600827FBD /* Resources */,
			);
			buildRules = (
			);
			dependencies = (
				BCEA55A22A19465600827FBD /* PBXTargetDependency */,
			);
			name = SportsHubUITests;
			productName = SportsHubUITests;
			productReference = BCEA55A02A19465600827FBD /* SportsHubUITests.xctest */;
			productType = "com.apple.product-type.bundle.ui-testing";
		};
/* End PBXNativeTarget section */

/* Begin PBXProject section */
		BCEA55752A19465300827FBD /* Project object */ = {
			isa = PBXProject;
			attributes = {
				BuildIndependentTargetsInParallel = 1;
				LastSwiftUpdateCheck = 1430;
				LastUpgradeCheck = 1430;
				TargetAttributes = {
					BCEA557C2A19465300827FBD = {
						CreatedOnToolsVersion = 14.3;
					};
					BCEA55952A19465600827FBD = {
						CreatedOnToolsVersion = 14.3;
						TestTargetID = BCEA557C2A19465300827FBD;
					};
					BCEA559F2A19465600827FBD = {
						CreatedOnToolsVersion = 14.3;
						TestTargetID = BCEA557C2A19465300827FBD;
					};
				};
			};
			buildConfigurationList = BCEA55782A19465300827FBD /* Build configuration list for PBXProject "SportsHub" */;
			compatibilityVersion = "Xcode 14.0";
			developmentRegion = en;
			hasScannedForEncodings = 0;
			knownRegions = (
				en,
				Base,
			);
			mainGroup = BCEA55742A19465300827FBD;
			productRefGroup = BCEA557E2A19465300827FBD /* Products */;
			projectDirPath = "";
			projectRoot = "";
			targets = (
				BCEA557C2A19465300827FBD /* SportsHub */,
				BCEA55952A19465600827FBD /* SportsHubTests */,
				BCEA559F2A19465600827FBD /* SportsHubUITests */,
			);
		};
/* End PBXProject section */

/* Begin PBXResourcesBuildPhase section */
		BCEA557B2A19465300827FBD /* Resources */ = {
			isa = PBXResourcesBuildPhase;
			buildActionMask = 2147483647;
			files = (
				BCEA55902A19465500827FBD /* LaunchScreen.storyboard in Resources */,
				BCEA558D2A19465500827FBD /* Assets.xcassets in Resources */,
				BCEA55882A19465300827FBD /* Main.storyboard in Resources */,
			);
			runOnlyForDeploymentPostprocessing = 0;
		};
		BCEA55942A19465600827FBD /* Resources */ = {
			isa = PBXResourcesBuildPhase;
			buildActionMask = 2147483647;
			files = (
			);
			runOnlyForDeploymentPostprocessing = 0;
		};
		BCEA559E2A19465600827FBD /* Resources */ = {
			isa = PBXResourcesBuildPhase;
			buildActionMask = 2147483647;
			files = (
			);
			runOnlyForDeploymentPostprocessing = 0;
		};
/* End PBXResourcesBuildPhase section */

/* Begin PBXSourcesBuildPhase section */
		BCEA55792A19465300827FBD /* Sources */ = {
			isa = PBXSourcesBuildPhase;
			buildActionMask = 2147483647;
			files = (
				BCEA558B2A19465300827FBD /* SportsHub.xcdatamodeld in Sources */,
				BCEA55852A19465300827FBD /* ViewController.swift in Sources */,
				BCEA55812A19465300827FBD /* AppDelegate.swift in Sources */,
				BCEA55832A19465300827FBD /* SceneDelegate.swift in Sources */,
			);
			runOnlyForDeploymentPostprocessing = 0;
		};
		BCEA55922A19465600827FBD /* Sources */ = {
			isa = PBXSourcesBuildPhase;
			buildActionMask = 2147483647;
			files = (
				BCEA559B2A19465600827FBD /* SportsHubTests.swift in Sources */,
			);
			runOnlyForDeploymentPostprocessing = 0;
		};
		BCEA559C2A19465600827FBD /* Sources */ = {
			isa = PBXSourcesBuildPhase;
			buildActionMask = 2147483647;
			files = (
				BCEA55A52A19465600827FBD /* SportsHubUITests.swift in Sources */,
				BCEA55A72A19465600827FBD /* SportsHubUITestsLaunchTests.swift in Sources */,
			);
			runOnlyForDeploymentPostprocessing = 0;
		};
/* End PBXSourcesBuildPhase section */

/* Begin PBXTargetDependency section */
		BCEA55982A19465600827FBD /* PBXTargetDependency */ = {
			isa = PBXTargetDependency;
			target = BCEA557C2A19465300827FBD /* SportsHub */;
			targetProxy = BCEA55972A19465600827FBD /* PBXContainerItemProxy */;
		};
		BCEA55A22A19465600827FBD /* PBXTargetDependency */ = {
			isa = PBXTargetDependency;
			target = BCEA557C2A19465300827FBD /* SportsHub */;
			targetProxy = BCEA55A12A19465600827FBD /* PBXContainerItemProxy */;
		};
/* End PBXTargetDependency section */

/* Begin PBXVariantGroup section */
		BCEA55862A19465300827FBD /* Main.storyboard */ = {
			isa = PBXVariantGroup;
			children = (
				BCEA55872A19465300827FBD /* Base */,
			);
			name = Main.storyboard;
			sourceTree = "<group>";
		};
		BCEA558E2A19465500827FBD /* LaunchScreen.storyboard */ = {
			isa = PBXVariantGroup;
			children = (
				BCEA558F2A19465500827FBD /* Base */,
			);
			name = LaunchScreen.storyboard;
			sourceTree = "<group>";
		};
/* End PBXVariantGroup section */

/* Begin XCBuildConfiguration section */
		BCEA55A82A19465600827FBD /* Debug */ = {
			isa = XCBuildConfiguration;
			buildSettings = {
				ALWAYS_SEARCH_USER_PATHS = NO;
				CLANG_ANALYZER_NONNULL = YES;
				CLANG_ANALYZER_NUMBER_OBJECT_CONVERSION = YES_AGGRESSIVE;
				CLANG_CXX_LANGUAGE_STANDARD = "gnu++20";
				CLANG_ENABLE_MODULES = YES;
				CLANG_ENABLE_OBJC_ARC = YES;
				CLANG_ENABLE_OBJC_WEAK = YES;
				CLANG_WARN_BLOCK_CAPTURE_AUTORELEASING = YES;
				CLANG_WARN_BOOL_CONVERSION = YES;
				CLANG_WARN_COMMA = YES;
				CLANG_WARN_CONSTANT_CONVERSION = YES;
				CLANG_WARN_DEPRECATED_OBJC_IMPLEMENTATIONS = YES;
				CLANG_WARN_DIRECT_OBJC_ISA_USAGE = YES_ERROR;
				CLANG_WARN_DOCUMENTATION_COMMENTS = YES;
				CLANG_WARN_EMPTY_BODY = YES;
				CLANG_WARN_ENUM_CONVERSION = YES;
				CLANG_WARN_INFINITE_RECURSION = YES;
				CLANG_WARN_INT_CONVERSION = YES;
				CLANG_WARN_NON_LITERAL_NULL_CONVERSION = YES;
				CLANG_WARN_OBJC_IMPLICIT_RETAIN_SELF = YES;
				CLANG_WARN_OBJC_LITERAL_CONVERSION = YES;
				CLANG_WARN_OBJC_ROOT_CLASS = YES_ERROR;
				CLANG_WARN_QUOTED_INCLUDE_IN_FRAMEWORK_HEADER = YES;
				CLANG_WARN_RANGE_LOOP_ANALYSIS = YES;
				CLANG_WARN_STRICT_PROTOTYPES = YES;
				CLANG_WARN_SUSPICIOUS_MOVE = YES;
				CLANG_WARN_UNGUARDED_AVAILABILITY = YES_AGGRESSIVE;
				CLANG_WARN_UNREACHABLE_CODE = YES;
				CLANG_WARN__DUPLICATE_METHOD_MATCH = YES;
				COPY_PHASE_STRIP = NO;
				DEBUG_INFORMATION_FORMAT = dwarf;
				ENABLE_STRICT_OBJC_MSGSEND = YES;
				ENABLE_TESTABILITY = YES;
				GCC_C_LANGUAGE_STANDARD = gnu11;
				GCC_DYNAMIC_NO_PIC = NO;
				GCC_NO_COMMON_BLOCKS = YES;
				GCC_OPTIMIZATION_LEVEL = 0;
				GCC_PREPROCESSOR_DEFINITIONS = (
					"DEBUG=1",
					"$(inherited)",
				);
				GCC_WARN_64_TO_32_BIT_CONVERSION = YES;
				GCC_WARN_ABOUT_RETURN_TYPE = YES_ERROR;
				GCC_WARN_UNDECLARED_SELECTOR = YES;
				GCC_WARN_UNINITIALIZED_AUTOS = YES_AGGRESSIVE;
				GCC_WARN_UNUSED_FUNCTION = YES;
				GCC_WARN_UNUSED_VARIABLE = YES;
				IPHONEOS_DEPLOYMENT_TARGET = 16.4;
				MTL_ENABLE_DEBUG_INFO = INCLUDE_SOURCE;
				MTL_FAST_MATH = YES;
				ONLY_ACTIVE_ARCH = YES;
				SDKROOT = iphoneos;
				SWIFT_ACTIVE_COMPILATION_CONDITIONS = DEBUG;
				SWIFT_OPTIMIZATION_LEVEL = "-Onone";
			};
			name = Debug;
		};
		BCEA55A92A19465600827FBD /* Release */ = {
			isa = XCBuildConfiguration;
			buildSettings = {
				ALWAYS_SEARCH_USER_PATHS = NO;
				CLANG_ANALYZER_NONNULL = YES;
				CLANG_ANALYZER_NUMBER_OBJECT_CONVERSION = YES_AGGRESSIVE;
				CLANG_CXX_LANGUAGE_STANDARD = "gnu++20";
				CLANG_ENABLE_MODULES = YES;
				CLANG_ENABLE_OBJC_ARC = YES;
				CLANG_ENABLE_OBJC_WEAK = YES;
				CLANG_WARN_BLOCK_CAPTURE_AUTORELEASING = YES;
				CLANG_WARN_BOOL_CONVERSION = YES;
				CLANG_WARN_COMMA = YES;
				CLANG_WARN_CONSTANT_CONVERSION = YES;
				CLANG_WARN_DEPRECATED_OBJC_IMPLEMENTATIONS = YES;
				CLANG_WARN_DIRECT_OBJC_ISA_USAGE = YES_ERROR;
				CLANG_WARN_DOCUMENTATION_COMMENTS = YES;
				CLANG_WARN_EMPTY_BODY = YES;
				CLANG_WARN_ENUM_CONVERSION = YES;
				CLANG_WARN_INFINITE_RECURSION = YES;
				CLANG_WARN_INT_CONVERSION = YES;
				CLANG_WARN_NON_LITERAL_NULL_CONVERSION = YES;
				CLANG_WARN_OBJC_IMPLICIT_RETAIN_SELF = YES;
				CLANG_WARN_OBJC_LITERAL_CONVERSION = YES;
				CLANG_WARN_OBJC_ROOT_CLASS = YES_ERROR;
				CLANG_WARN_QUOTED_INCLUDE_IN_FRAMEWORK_HEADER = YES;
				CLANG_WARN_RANGE_LOOP_ANALYSIS = YES;
				CLANG_WARN_STRICT_PROTOTYPES = YES;
				CLANG_WARN_SUSPICIOUS_MOVE = YES;
				CLANG_WARN_UNGUARDED_AVAILABILITY = YES_AGGRESSIVE;
				CLANG_WARN_UNREACHABLE_CODE = YES;
				CLANG_WARN__DUPLICATE_METHOD_MATCH = YES;
				COPY_PHASE_STRIP = NO;
				DEBUG_INFORMATION_FORMAT = "dwarf-with-dsym";
				ENABLE_NS_ASSERTIONS = NO;
				ENABLE_STRICT_OBJC_MSGSEND = YES;
				GCC_C_LANGUAGE_STANDARD = gnu11;
				GCC_NO_COMMON_BLOCKS = YES;
				GCC_WARN_64_TO_32_BIT_CONVERSION = YES;
				GCC_WARN_ABOUT_RETURN_TYPE = YES_ERROR;
				GCC_WARN_UNDECLARED_SELECTOR = YES;
				GCC_WARN_UNINITIALIZED_AUTOS = YES_AGGRESSIVE;
				GCC_WARN_UNUSED_FUNCTION = YES;
				GCC_WARN_UNUSED_VARIABLE = YES;
				IPHONEOS_DEPLOYMENT_TARGET = 16.4;
				MTL_ENABLE_DEBUG_INFO = NO;
				MTL_FAST_MATH = YES;
				SDKROOT = iphoneos;
				SWIFT_COMPILATION_MODE = wholemodule;
				SWIFT_OPTIMIZATION_LEVEL = "-O";
				VALIDATE_PRODUCT = YES;
			};
			name = Release;
		};
		BCEA55AB2A19465600827FBD /* Debug */ = {
			isa = XCBuildConfiguration;
			buildSettings = {
				ASSETCATALOG_COMPILER_APPICON_NAME = AppIcon;
				ASSETCATALOG_COMPILER_GLOBAL_ACCENT_COLOR_NAME = AccentColor;
				CODE_SIGN_STYLE = Automatic;
				CURRENT_PROJECT_VERSION = 1;
				DEVELOPMENT_TEAM = U43F2S25P4;
				GENERATE_INFOPLIST_FILE = YES;
				INFOPLIST_FILE = SportsHub/Info.plist;
				INFOPLIST_KEY_UIApplicationSupportsIndirectInputEvents = YES;
				INFOPLIST_KEY_UILaunchStoryboardName = LaunchScreen;
				INFOPLIST_KEY_UIMainStoryboardFile = Main;
				INFOPLIST_KEY_UISupportedInterfaceOrientations_iPad = "UIInterfaceOrientationPortrait UIInterfaceOrientationPortraitUpsideDown UIInterfaceOrientationLandscapeLeft UIInterfaceOrientationLandscapeRight";
				INFOPLIST_KEY_UISupportedInterfaceOrientations_iPhone = "UIInterfaceOrientationPortrait UIInterfaceOrientationLandscapeLeft UIInterfaceOrientationLandscapeRight";
				LD_RUNPATH_SEARCH_PATHS = (
					"$(inherited)",
					"@executable_path/Frameworks",
				);
				MARKETING_VERSION = 1.0;
				PRODUCT_BUNDLE_IDENTIFIER = student.SportsHub;
				PRODUCT_NAME = "$(TARGET_NAME)";
				SWIFT_EMIT_LOC_STRINGS = YES;
				SWIFT_VERSION = 5.0;
				TARGETED_DEVICE_FAMILY = "1,2";
			};
			name = Debug;
		};
		BCEA55AC2A19465600827FBD /* Release */ = {
			isa = XCBuildConfiguration;
			buildSettings = {
				ASSETCATALOG_COMPILER_APPICON_NAME = AppIcon;
				ASSETCATALOG_COMPILER_GLOBAL_ACCENT_COLOR_NAME = AccentColor;
				CODE_SIGN_STYLE = Automatic;
				CURRENT_PROJECT_VERSION = 1;
				DEVELOPMENT_TEAM = U43F2S25P4;
				GENERATE_INFOPLIST_FILE = YES;
				INFOPLIST_FILE = SportsHub/Info.plist;
				INFOPLIST_KEY_UIApplicationSupportsIndirectInputEvents = YES;
				INFOPLIST_KEY_UILaunchStoryboardName = LaunchScreen;
				INFOPLIST_KEY_UIMainStoryboardFile = Main;
				INFOPLIST_KEY_UISupportedInterfaceOrientations_iPad = "UIInterfaceOrientationPortrait UIInterfaceOrientationPortraitUpsideDown UIInterfaceOrientationLandscapeLeft UIInterfaceOrientationLandscapeRight";
				INFOPLIST_KEY_UISupportedInterfaceOrientations_iPhone = "UIInterfaceOrientationPortrait UIInterfaceOrientationLandscapeLeft UIInterfaceOrientationLandscapeRight";
				LD_RUNPATH_SEARCH_PATHS = (
					"$(inherited)",
					"@executable_path/Frameworks",
				);
				MARKETING_VERSION = 1.0;
				PRODUCT_BUNDLE_IDENTIFIER = student.SportsHub;
				PRODUCT_NAME = "$(TARGET_NAME)";
				SWIFT_EMIT_LOC_STRINGS = YES;
				SWIFT_VERSION = 5.0;
				TARGETED_DEVICE_FAMILY = "1,2";
			};
			name = Release;
		};
		BCEA55AE2A19465600827FBD /* Debug */ = {
			isa = XCBuildConfiguration;
			buildSettings = {
				ALWAYS_EMBED_SWIFT_STANDARD_LIBRARIES = YES;
				BUNDLE_LOADER = "$(TEST_HOST)";
				CODE_SIGN_STYLE = Automatic;
				CURRENT_PROJECT_VERSION = 1;
				DEVELOPMENT_TEAM = U43F2S25P4;
				GENERATE_INFOPLIST_FILE = YES;
				IPHONEOS_DEPLOYMENT_TARGET = 16.4;
				MARKETING_VERSION = 1.0;
				PRODUCT_BUNDLE_IDENTIFIER = student.SportsHubTests;
				PRODUCT_NAME = "$(TARGET_NAME)";
				SWIFT_EMIT_LOC_STRINGS = NO;
				SWIFT_VERSION = 5.0;
				TARGETED_DEVICE_FAMILY = "1,2";
				TEST_HOST = "$(BUILT_PRODUCTS_DIR)/SportsHub.app/$(BUNDLE_EXECUTABLE_FOLDER_PATH)/SportsHub";
			};
			name = Debug;
		};
		BCEA55AF2A19465600827FBD /* Release */ = {
			isa = XCBuildConfiguration;
			buildSettings = {
				ALWAYS_EMBED_SWIFT_STANDARD_LIBRARIES = YES;
				BUNDLE_LOADER = "$(TEST_HOST)";
				CODE_SIGN_STYLE = Automatic;
				CURRENT_PROJECT_VERSION = 1;
				DEVELOPMENT_TEAM = U43F2S25P4;
				GENERATE_INFOPLIST_FILE = YES;
				IPHONEOS_DEPLOYMENT_TARGET = 16.4;
				MARKETING_VERSION = 1.0;
				PRODUCT_BUNDLE_IDENTIFIER = student.SportsHubTests;
				PRODUCT_NAME = "$(TARGET_NAME)";
				SWIFT_EMIT_LOC_STRINGS = NO;
				SWIFT_VERSION = 5.0;
				TARGETED_DEVICE_FAMILY = "1,2";
				TEST_HOST = "$(BUILT_PRODUCTS_DIR)/SportsHub.app/$(BUNDLE_EXECUTABLE_FOLDER_PATH)/SportsHub";
			};
			name = Release;
		};
		BCEA55B12A19465600827FBD /* Debug */ = {
			isa = XCBuildConfiguration;
			buildSettings = {
				ALWAYS_EMBED_SWIFT_STANDARD_LIBRARIES = YES;
				CODE_SIGN_STYLE = Automatic;
				CURRENT_PROJECT_VERSION = 1;
				DEVELOPMENT_TEAM = U43F2S25P4;
				GENERATE_INFOPLIST_FILE = YES;
				MARKETING_VERSION = 1.0;
				PRODUCT_BUNDLE_IDENTIFIER = student.SportsHubUITests;
				PRODUCT_NAME = "$(TARGET_NAME)";
				SWIFT_EMIT_LOC_STRINGS = NO;
				SWIFT_VERSION = 5.0;
				TARGETED_DEVICE_FAMILY = "1,2";
				TEST_TARGET_NAME = SportsHub;
			};
			name = Debug;
		};
		BCEA55B22A19465600827FBD /* Release */ = {
			isa = XCBuildConfiguration;
			buildSettings = {
				ALWAYS_EMBED_SWIFT_STANDARD_LIBRARIES = YES;
				CODE_SIGN_STYLE = Automatic;
				CURRENT_PROJECT_VERSION = 1;
				DEVELOPMENT_TEAM = U43F2S25P4;
				GENERATE_INFOPLIST_FILE = YES;
				MARKETING_VERSION = 1.0;
				PRODUCT_BUNDLE_IDENTIFIER = student.SportsHubUITests;
				PRODUCT_NAME = "$(TARGET_NAME)";
				SWIFT_EMIT_LOC_STRINGS = NO;
				SWIFT_VERSION = 5.0;
				TARGETED_DEVICE_FAMILY = "1,2";
				TEST_TARGET_NAME = SportsHub;
			};
			name = Release;
		};
/* End XCBuildConfiguration section */

/* Begin XCConfigurationList section */
		BCEA55782A19465300827FBD /* Build configuration list for PBXProject "SportsHub" */ = {
			isa = XCConfigurationList;
			buildConfigurations = (
				BCEA55A82A19465600827FBD /* Debug */,
				BCEA55A92A19465600827FBD /* Release */,
			);
			defaultConfigurationIsVisible = 0;
			defaultConfigurationName = Release;
		};
		BCEA55AA2A19465600827FBD /* Build configuration list for PBXNativeTarget "SportsHub" */ = {
			isa = XCConfigurationList;
			buildConfigurations = (
				BCEA55AB2A19465600827FBD /* Debug */,
				BCEA55AC2A19465600827FBD /* Release */,
			);
			defaultConfigurationIsVisible = 0;
			defaultConfigurationName = Release;
		};
		BCEA55AD2A19465600827FBD /* Build configuration list for PBXNativeTarget "SportsHubTests" */ = {
			isa = XCConfigurationList;
			buildConfigurations = (
				BCEA55AE2A19465600827FBD /* Debug */,
				BCEA55AF2A19465600827FBD /* Release */,
			);
			defaultConfigurationIsVisible = 0;
			defaultConfigurationName = Release;
		};
		BCEA55B02A19465600827FBD /* Build configuration list for PBXNativeTarget "SportsHubUITests" */ = {
			isa = XCConfigurationList;
			buildConfigurations = (
				BCEA55B12A19465600827FBD /* Debug */,
				BCEA55B22A19465600827FBD /* Release */,
			);
			defaultConfigurationIsVisible = 0;
			defaultConfigurationName = Release;
		};
/* End XCConfigurationList section */

/* Begin XCVersionGroup section */
		BCEA55892A19465300827FBD /* SportsHub.xcdatamodeld */ = {
			isa = XCVersionGroup;
			children = (
				BCEA558A2A19465300827FBD /* SportsHub.xcdatamodel */,
			);
			currentVersion = BCEA558A2A19465300827FBD /* SportsHub.xcdatamodel */;
			path = SportsHub.xcdatamodeld;
			sourceTree = "<group>";
			versionGroupType = wrapper.xcdatamodel;
		};
/* End XCVersionGroup section */
	};
	rootObject = BCEA55752A19465300827FBD /* Project object */;
}
